// !$*UTF8*$!
{
	archiveVersion = 1;
	classes = {
	};
	objectVersion = 56;
	objects = {

/* Begin PBXBuildFile section */
		047035D22A15246D005DA071 /* AppDelegate.swift in Sources */ = {isa = PBXBuildFile; fileRef = 047035D12A15246D005DA071 /* AppDelegate.swift */; };
		047035D42A15246D005DA071 /* SceneDelegate.swift in Sources */ = {isa = PBXBuildFile; fileRef = 047035D32A15246D005DA071 /* SceneDelegate.swift */; };
		047035D62A15246D005DA071 /* ViewController.swift in Sources */ = {isa = PBXBuildFile; fileRef = 047035D52A15246D005DA071 /* ViewController.swift */; };
		047035D92A15246D005DA071 /* Main.storyboard in Resources */ = {isa = PBXBuildFile; fileRef = 047035D72A15246D005DA071 /* Main.storyboard */; };
		047035DC2A15246D005DA071 /* Sports_App.xcdatamodeld in Sources */ = {isa = PBXBuildFile; fileRef = 047035DA2A15246D005DA071 /* Sports_App.xcdatamodeld */; };
		047035DE2A152470005DA071 /* Assets.xcassets in Resources */ = {isa = PBXBuildFile; fileRef = 047035DD2A152470005DA071 /* Assets.xcassets */; };
		047035E12A152470005DA071 /* LaunchScreen.storyboard in Resources */ = {isa = PBXBuildFile; fileRef = 047035DF2A152470005DA071 /* LaunchScreen.storyboard */; };
		0470CAD82A1640B3007B205F /* LeaguesViewModel.swift in Sources */ = {isa = PBXBuildFile; fileRef = 0470CAD72A1640B3007B205F /* LeaguesViewModel.swift */; };
		0470CADB2A1640D0007B205F /* LeagueTableViewCell.swift in Sources */ = {isa = PBXBuildFile; fileRef = 0470CAD92A1640D0007B205F /* LeagueTableViewCell.swift */; };
		0470CADC2A1640D0007B205F /* LeagueTableViewCell.xib in Resources */ = {isa = PBXBuildFile; fileRef = 0470CADA2A1640D0007B205F /* LeagueTableViewCell.xib */; };
		0470CADE2A1640EE007B205F /* LeaugesTableViewController.swift in Sources */ = {isa = PBXBuildFile; fileRef = 0470CADD2A1640EE007B205F /* LeaugesTableViewController.swift */; };
		0470CAE22A16416A007B205F /* LeagueDetailsViewController.swift in Sources */ = {isa = PBXBuildFile; fileRef = 0470CAE12A16416A007B205F /* LeagueDetailsViewController.swift */; };
		0470CAE42A164190007B205F /* LeaugeDetailsViewModel.swift in Sources */ = {isa = PBXBuildFile; fileRef = 0470CAE32A164190007B205F /* LeaugeDetailsViewModel.swift */; };
		0470CAE82A1641DC007B205F /* TeamDetailsViewModel.swift in Sources */ = {isa = PBXBuildFile; fileRef = 0470CAE72A1641DC007B205F /* TeamDetailsViewModel.swift */; };
		0470CAEA2A1641EE007B205F /* TeamDetailsViewController.swift in Sources */ = {isa = PBXBuildFile; fileRef = 0470CAE92A1641EE007B205F /* TeamDetailsViewController.swift */; };
		04D8F8CC2A15343400E46036 /* Alerts.swift in Sources */ = {isa = PBXBuildFile; fileRef = 04D8F8CB2A15343400E46036 /* Alerts.swift */; };
		04D8F8CE2A15344400E46036 /* Constants.swift in Sources */ = {isa = PBXBuildFile; fileRef = 04D8F8CD2A15344400E46036 /* Constants.swift */; };
		04D8F8D02A153BBE00E46036 /* SportsCollectionView.swift in Sources */ = {isa = PBXBuildFile; fileRef = 04D8F8CF2A153BBE00E46036 /* SportsCollectionView.swift */; };
		04D8F8D22A153BE000E46036 /* SportCollectionViewCell.swift in Sources */ = {isa = PBXBuildFile; fileRef = 04D8F8D12A153BE000E46036 /* SportCollectionViewCell.swift */; };
		04D8F8D42A153C0B00E46036 /* SportShowViewModel.swift in Sources */ = {isa = PBXBuildFile; fileRef = 04D8F8D32A153C0B00E46036 /* SportShowViewModel.swift */; };
		782786731C290CA2FE09011D /* Pods_Sports_App.framework in Frameworks */ = {isa = PBXBuildFile; fileRef = 1EFCCF35AC95B20097578D36 /* Pods_Sports_App.framework */; };
/* End PBXBuildFile section */

/* Begin PBXFileReference section */
		047035CE2A15246C005DA071 /* Sports App.app */ = {isa = PBXFileReference; explicitFileType = wrapper.application; includeInIndex = 0; path = "Sports App.app"; sourceTree = BUILT_PRODUCTS_DIR; };
		047035D12A15246D005DA071 /* AppDelegate.swift */ = {isa = PBXFileReference; lastKnownFileType = sourcecode.swift; path = AppDelegate.swift; sourceTree = "<group>"; };
		047035D32A15246D005DA071 /* SceneDelegate.swift */ = {isa = PBXFileReference; lastKnownFileType = sourcecode.swift; path = SceneDelegate.swift; sourceTree = "<group>"; };
		047035D52A15246D005DA071 /* ViewController.swift */ = {isa = PBXFileReference; lastKnownFileType = sourcecode.swift; path = ViewController.swift; sourceTree = "<group>"; };
		047035D82A15246D005DA071 /* Base */ = {isa = PBXFileReference; lastKnownFileType = file.storyboard; name = Base; path = Base.lproj/Main.storyboard; sourceTree = "<group>"; };
		047035DB2A15246D005DA071 /* Sports_App.xcdatamodel */ = {isa = PBXFileReference; lastKnownFileType = wrapper.xcdatamodel; path = Sports_App.xcdatamodel; sourceTree = "<group>"; };
		047035DD2A152470005DA071 /* Assets.xcassets */ = {isa = PBXFileReference; lastKnownFileType = folder.assetcatalog; path = Assets.xcassets; sourceTree = "<group>"; };
		047035E02A152470005DA071 /* Base */ = {isa = PBXFileReference; lastKnownFileType = file.storyboard; name = Base; path = Base.lproj/LaunchScreen.storyboard; sourceTree = "<group>"; };
		047035E22A152470005DA071 /* Info.plist */ = {isa = PBXFileReference; lastKnownFileType = text.plist.xml; path = Info.plist; sourceTree = "<group>"; };
		0470CAD72A1640B3007B205F /* LeaguesViewModel.swift */ = {isa = PBXFileReference; lastKnownFileType = sourcecode.swift; path = LeaguesViewModel.swift; sourceTree = "<group>"; };
		0470CAD92A1640D0007B205F /* LeagueTableViewCell.swift */ = {isa = PBXFileReference; lastKnownFileType = sourcecode.swift; path = LeagueTableViewCell.swift; sourceTree = "<group>"; };
		0470CADA2A1640D0007B205F /* LeagueTableViewCell.xib */ = {isa = PBXFileReference; lastKnownFileType = file.xib; path = LeagueTableViewCell.xib; sourceTree = "<group>"; };
		0470CADD2A1640EE007B205F /* LeaugesTableViewController.swift */ = {isa = PBXFileReference; lastKnownFileType = sourcecode.swift; path = LeaugesTableViewController.swift; sourceTree = "<group>"; };
		0470CAE12A16416A007B205F /* LeagueDetailsViewController.swift */ = {isa = PBXFileReference; lastKnownFileType = sourcecode.swift; path = LeagueDetailsViewController.swift; sourceTree = "<group>"; };
		0470CAE32A164190007B205F /* LeaugeDetailsViewModel.swift */ = {isa = PBXFileReference; lastKnownFileType = sourcecode.swift; path = LeaugeDetailsViewModel.swift; sourceTree = "<group>"; };
		0470CAE72A1641DC007B205F /* TeamDetailsViewModel.swift */ = {isa = PBXFileReference; lastKnownFileType = sourcecode.swift; path = TeamDetailsViewModel.swift; sourceTree = "<group>"; };
		0470CAE92A1641EE007B205F /* TeamDetailsViewController.swift */ = {isa = PBXFileReference; lastKnownFileType = sourcecode.swift; path = TeamDetailsViewController.swift; sourceTree = "<group>"; };
		04D8F8CB2A15343400E46036 /* Alerts.swift */ = {isa = PBXFileReference; lastKnownFileType = sourcecode.swift; path = Alerts.swift; sourceTree = "<group>"; };
		04D8F8CD2A15344400E46036 /* Constants.swift */ = {isa = PBXFileReference; lastKnownFileType = sourcecode.swift; path = Constants.swift; sourceTree = "<group>"; };
		04D8F8CF2A153BBE00E46036 /* SportsCollectionView.swift */ = {isa = PBXFileReference; lastKnownFileType = sourcecode.swift; path = SportsCollectionView.swift; sourceTree = "<group>"; };
		04D8F8D12A153BE000E46036 /* SportCollectionViewCell.swift */ = {isa = PBXFileReference; lastKnownFileType = sourcecode.swift; path = SportCollectionViewCell.swift; sourceTree = "<group>"; };
		04D8F8D32A153C0B00E46036 /* SportShowViewModel.swift */ = {isa = PBXFileReference; lastKnownFileType = sourcecode.swift; path = SportShowViewModel.swift; sourceTree = "<group>"; };
		17E3C39019F7CCD4E9D5941E /* Pods-Sports App.release.xcconfig */ = {isa = PBXFileReference; includeInIndex = 1; lastKnownFileType = text.xcconfig; name = "Pods-Sports App.release.xcconfig"; path = "Target Support Files/Pods-Sports App/Pods-Sports App.release.xcconfig"; sourceTree = "<group>"; };
		1EFCCF35AC95B20097578D36 /* Pods_Sports_App.framework */ = {isa = PBXFileReference; explicitFileType = wrapper.framework; includeInIndex = 0; path = Pods_Sports_App.framework; sourceTree = BUILT_PRODUCTS_DIR; };
		A0C1C4FFA5FB04EA48CC4763 /* Pods-Sports App.debug.xcconfig */ = {isa = PBXFileReference; includeInIndex = 1; lastKnownFileType = text.xcconfig; name = "Pods-Sports App.debug.xcconfig"; path = "Target Support Files/Pods-Sports App/Pods-Sports App.debug.xcconfig"; sourceTree = "<group>"; };
/* End PBXFileReference section */

/* Begin PBXFrameworksBuildPhase section */
		047035CB2A15246C005DA071 /* Frameworks */ = {
			isa = PBXFrameworksBuildPhase;
			buildActionMask = 2147483647;
			files = (
				782786731C290CA2FE09011D /* Pods_Sports_App.framework in Frameworks */,
			);
			runOnlyForDeploymentPostprocessing = 0;
		};
/* End PBXFrameworksBuildPhase section */

/* Begin PBXGroup section */
		047035C52A15246C005DA071 = {
			isa = PBXGroup;
			children = (
				047035D02A15246D005DA071 /* Sports App */,
				047035CF2A15246C005DA071 /* Products */,
				FCC1A4F420B4599D2F0D804E /* Pods */,
				238651152DC8239BA949B967 /* Frameworks */,
			);
			sourceTree = "<group>";
		};
		047035CF2A15246C005DA071 /* Products */ = {
			isa = PBXGroup;
			children = (
				047035CE2A15246C005DA071 /* Sports App.app */,
			);
			name = Products;
			sourceTree = "<group>";
		};
		047035D02A15246D005DA071 /* Sports App */ = {
			isa = PBXGroup;
			children = (
				04D8F8CA2A15342400E46036 /* utils */,
				047035EC2A152D05005DA071 /* modules */,
				047035D12A15246D005DA071 /* AppDelegate.swift */,
				047035D32A15246D005DA071 /* SceneDelegate.swift */,
				047035D52A15246D005DA071 /* ViewController.swift */,
				047035D72A15246D005DA071 /* Main.storyboard */,
				047035DD2A152470005DA071 /* Assets.xcassets */,
				047035DF2A152470005DA071 /* LaunchScreen.storyboard */,
				047035E22A152470005DA071 /* Info.plist */,
				047035DA2A15246D005DA071 /* Sports_App.xcdatamodeld */,
			);
			path = "Sports App";
			sourceTree = "<group>";
		};
		047035EC2A152D05005DA071 /* modules */ = {
			isa = PBXGroup;
			children = (
				0470CAD42A16408B007B205F /* TeamDetails */,
				0470CAD32A164072007B205F /* LeagueDetails */,
				0470CAD22A164067007B205F /* Leagues */,
				047035F02A152D4B005DA071 /* sports */,
			);
			path = modules;
			sourceTree = "<group>";
		};
		047035F02A152D4B005DA071 /* sports */ = {
			isa = PBXGroup;
			children = (
				047035F22A152D5B005DA071 /* view_model */,
				047035F12A152D54005DA071 /* view */,
			);
			path = sports;
			sourceTree = "<group>";
		};
		047035F12A152D54005DA071 /* view */ = {
			isa = PBXGroup;
			children = (
				04D8F8CF2A153BBE00E46036 /* SportsCollectionView.swift */,
				04D8F8D12A153BE000E46036 /* SportCollectionViewCell.swift */,
			);
			path = view;
			sourceTree = "<group>";
		};
		047035F22A152D5B005DA071 /* view_model */ = {
			isa = PBXGroup;
			children = (
				04D8F8D32A153C0B00E46036 /* SportShowViewModel.swift */,
			);
			path = view_model;
			sourceTree = "<group>";
		};
		0470CAD22A164067007B205F /* Leagues */ = {
			isa = PBXGroup;
			children = (
				0470CAD62A1640A0007B205F /* viewModel */,
				0470CAD52A164099007B205F /* view */,
			);
			path = Leagues;
			sourceTree = "<group>";
		};
		0470CAD32A164072007B205F /* LeagueDetails */ = {
			isa = PBXGroup;
			children = (
				0470CAE02A164140007B205F /* view */,
				0470CADF2A16412F007B205F /* ViewModel */,
			);
			path = LeagueDetails;
			sourceTree = "<group>";
		};
		0470CAD42A16408B007B205F /* TeamDetails */ = {
			isa = PBXGroup;
			children = (
				0470CAE62A1641CA007B205F /* viewModel */,
				0470CAE52A1641B4007B205F /* view */,
			);
			path = TeamDetails;
			sourceTree = "<group>";
		};
		0470CAD52A164099007B205F /* view */ = {
			isa = PBXGroup;
			children = (
				0470CAD92A1640D0007B205F /* LeagueTableViewCell.swift */,
				0470CADA2A1640D0007B205F /* LeagueTableViewCell.xib */,
				0470CADD2A1640EE007B205F /* LeaugesTableViewController.swift */,
			);
			path = view;
			sourceTree = "<group>";
		};
		0470CAD62A1640A0007B205F /* viewModel */ = {
			isa = PBXGroup;
			children = (
				0470CAD72A1640B3007B205F /* LeaguesViewModel.swift */,
			);
			path = viewModel;
			sourceTree = "<group>";
		};
		0470CADF2A16412F007B205F /* ViewModel */ = {
			isa = PBXGroup;
			children = (
				0470CAE32A164190007B205F /* LeaugeDetailsViewModel.swift */,
			);
			path = ViewModel;
			sourceTree = "<group>";
		};
		0470CAE02A164140007B205F /* view */ = {
			isa = PBXGroup;
			children = (
				0470CAE12A16416A007B205F /* LeagueDetailsViewController.swift */,
			);
			path = view;
			sourceTree = "<group>";
		};
		0470CAE52A1641B4007B205F /* view */ = {
			isa = PBXGroup;
			children = (
				0470CAE92A1641EE007B205F /* TeamDetailsViewController.swift */,
			);
			path = view;
			sourceTree = "<group>";
		};
		0470CAE62A1641CA007B205F /* viewModel */ = {
			isa = PBXGroup;
			children = (
				0470CAE72A1641DC007B205F /* TeamDetailsViewModel.swift */,
			);
			path = viewModel;
			sourceTree = "<group>";
		};
		04D8F8CA2A15342400E46036 /* utils */ = {
			isa = PBXGroup;
			children = (
				04D8F8CB2A15343400E46036 /* Alerts.swift */,
				04D8F8CD2A15344400E46036 /* Constants.swift */,
			);
			path = utils;
			sourceTree = "<group>";
		};
		238651152DC8239BA949B967 /* Frameworks */ = {
			isa = PBXGroup;
			children = (
				1EFCCF35AC95B20097578D36 /* Pods_Sports_App.framework */,
			);
			name = Frameworks;
			sourceTree = "<group>";
		};
		FCC1A4F420B4599D2F0D804E /* Pods */ = {
			isa = PBXGroup;
			children = (
				A0C1C4FFA5FB04EA48CC4763 /* Pods-Sports App.debug.xcconfig */,
				17E3C39019F7CCD4E9D5941E /* Pods-Sports App.release.xcconfig */,
			);
			path = Pods;
			sourceTree = "<group>";
		};
/* End PBXGroup section */

/* Begin PBXNativeTarget section */
		047035CD2A15246C005DA071 /* Sports App */ = {
			isa = PBXNativeTarget;
			buildConfigurationList = 047035E52A152470005DA071 /* Build configuration list for PBXNativeTarget "Sports App" */;
			buildPhases = (
				FD31A9B60C4B0D81B6FB8321 /* [CP] Check Pods Manifest.lock */,
				047035CA2A15246C005DA071 /* Sources */,
				047035CB2A15246C005DA071 /* Frameworks */,
				047035CC2A15246C005DA071 /* Resources */,
				FB0C1BF2AF81DAB9ACE4981C /* [CP] Embed Pods Frameworks */,
			);
			buildRules = (
			);
			dependencies = (
			);
			name = "Sports App";
			productName = "Sports App";
			productReference = 047035CE2A15246C005DA071 /* Sports App.app */;
			productType = "com.apple.product-type.application";
		};
/* End PBXNativeTarget section */

/* Begin PBXProject section */
		047035C62A15246C005DA071 /* Project object */ = {
			isa = PBXProject;
			attributes = {
				BuildIndependentTargetsInParallel = 1;
				LastSwiftUpdateCheck = 1410;
				LastUpgradeCheck = 1410;
				TargetAttributes = {
					047035CD2A15246C005DA071 = {
						CreatedOnToolsVersion = 14.1;
					};
				};
			};
			buildConfigurationList = 047035C92A15246C005DA071 /* Build configuration list for PBXProject "Sports App" */;
			compatibilityVersion = "Xcode 14.0";
			developmentRegion = en;
			hasScannedForEncodings = 0;
			knownRegions = (
				en,
				Base,
			);
			mainGroup = 047035C52A15246C005DA071;
			productRefGroup = 047035CF2A15246C005DA071 /* Products */;
			projectDirPath = "";
			projectRoot = "";
			targets = (
				047035CD2A15246C005DA071 /* Sports App */,
			);
		};
/* End PBXProject section */

/* Begin PBXResourcesBuildPhase section */
		047035CC2A15246C005DA071 /* Resources */ = {
			isa = PBXResourcesBuildPhase;
			buildActionMask = 2147483647;
			files = (
				047035E12A152470005DA071 /* LaunchScreen.storyboard in Resources */,
				047035DE2A152470005DA071 /* Assets.xcassets in Resources */,
				0470CADC2A1640D0007B205F /* LeagueTableViewCell.xib in Resources */,
				047035D92A15246D005DA071 /* Main.storyboard in Resources */,
			);
			runOnlyForDeploymentPostprocessing = 0;
		};
/* End PBXResourcesBuildPhase section */

/* Begin PBXShellScriptBuildPhase section */
		FB0C1BF2AF81DAB9ACE4981C /* [CP] Embed Pods Frameworks */ = {
			isa = PBXShellScriptBuildPhase;
			buildActionMask = 2147483647;
			files = (
			);
			inputFileListPaths = (
				"${PODS_ROOT}/Target Support Files/Pods-Sports App/Pods-Sports App-frameworks-${CONFIGURATION}-input-files.xcfilelist",
			);
			name = "[CP] Embed Pods Frameworks";
			outputFileListPaths = (
				"${PODS_ROOT}/Target Support Files/Pods-Sports App/Pods-Sports App-frameworks-${CONFIGURATION}-output-files.xcfilelist",
			);
			runOnlyForDeploymentPostprocessing = 0;
			shellPath = /bin/sh;
			shellScript = "\"${PODS_ROOT}/Target Support Files/Pods-Sports App/Pods-Sports App-frameworks.sh\"\n";
			showEnvVarsInLog = 0;
		};
		FD31A9B60C4B0D81B6FB8321 /* [CP] Check Pods Manifest.lock */ = {
			isa = PBXShellScriptBuildPhase;
			buildActionMask = 2147483647;
			files = (
			);
			inputFileListPaths = (
			);
			inputPaths = (
				"${PODS_PODFILE_DIR_PATH}/Podfile.lock",
				"${PODS_ROOT}/Manifest.lock",
			);
			name = "[CP] Check Pods Manifest.lock";
			outputFileListPaths = (
			);
			outputPaths = (
				"$(DERIVED_FILE_DIR)/Pods-Sports App-checkManifestLockResult.txt",
			);
			runOnlyForDeploymentPostprocessing = 0;
			shellPath = /bin/sh;
			shellScript = "diff \"${PODS_PODFILE_DIR_PATH}/Podfile.lock\" \"${PODS_ROOT}/Manifest.lock\" > /dev/null\nif [ $? != 0 ] ; then\n    # print error to STDERR\n    echo \"error: The sandbox is not in sync with the Podfile.lock. Run 'pod install' or update your CocoaPods installation.\" >&2\n    exit 1\nfi\n# This output is used by Xcode 'outputs' to avoid re-running this script phase.\necho \"SUCCESS\" > \"${SCRIPT_OUTPUT_FILE_0}\"\n";
			showEnvVarsInLog = 0;
		};
/* End PBXShellScriptBuildPhase section */

/* Begin PBXSourcesBuildPhase section */
		047035CA2A15246C005DA071 /* Sources */ = {
			isa = PBXSourcesBuildPhase;
			buildActionMask = 2147483647;
			files = (
				0470CADE2A1640EE007B205F /* LeaugesTableViewController.swift in Sources */,
				04D8F8D02A153BBE00E46036 /* SportsCollectionView.swift in Sources */,
				047035D62A15246D005DA071 /* ViewController.swift in Sources */,
				04D8F8CC2A15343400E46036 /* Alerts.swift in Sources */,
				0470CAD82A1640B3007B205F /* LeaguesViewModel.swift in Sources */,
				047035D22A15246D005DA071 /* AppDelegate.swift in Sources */,
				0470CAEA2A1641EE007B205F /* TeamDetailsViewController.swift in Sources */,
				047035DC2A15246D005DA071 /* Sports_App.xcdatamodeld in Sources */,
				04D8F8D42A153C0B00E46036 /* SportShowViewModel.swift in Sources */,
				0470CAE82A1641DC007B205F /* TeamDetailsViewModel.swift in Sources */,
				0470CAE42A164190007B205F /* LeaugeDetailsViewModel.swift in Sources */,
				0470CAE22A16416A007B205F /* LeagueDetailsViewController.swift in Sources */,
				0470CADB2A1640D0007B205F /* LeagueTableViewCell.swift in Sources */,
				047035D42A15246D005DA071 /* SceneDelegate.swift in Sources */,
				04D8F8CE2A15344400E46036 /* Constants.swift in Sources */,
				04D8F8D22A153BE000E46036 /* SportCollectionViewCell.swift in Sources */,
			);
			runOnlyForDeploymentPostprocessing = 0;
		};
/* End PBXSourcesBuildPhase section */

/* Begin PBXVariantGroup section */
		047035D72A15246D005DA071 /* Main.storyboard */ = {
			isa = PBXVariantGroup;
			children = (
				047035D82A15246D005DA071 /* Base */,
			);
			name = Main.storyboard;
			sourceTree = "<group>";
		};
		047035DF2A152470005DA071 /* LaunchScreen.storyboard */ = {
			isa = PBXVariantGroup;
			children = (
				047035E02A152470005DA071 /* Base */,
			);
			name = LaunchScreen.storyboard;
			sourceTree = "<group>";
		};
/* End PBXVariantGroup section */

/* Begin XCBuildConfiguration section */
		047035E32A152470005DA071 /* Debug */ = {
			isa = XCBuildConfiguration;
			buildSettings = {
				ALWAYS_SEARCH_USER_PATHS = NO;
				CLANG_ANALYZER_NONNULL = YES;
				CLANG_ANALYZER_NUMBER_OBJECT_CONVERSION = YES_AGGRESSIVE;
				CLANG_CXX_LANGUAGE_STANDARD = "gnu++20";
				CLANG_ENABLE_MODULES = YES;
				CLANG_ENABLE_OBJC_ARC = YES;
				CLANG_ENABLE_OBJC_WEAK = YES;
				CLANG_WARN_BLOCK_CAPTURE_AUTORELEASING = YES;
				CLANG_WARN_BOOL_CONVERSION = YES;
				CLANG_WARN_COMMA = YES;
				CLANG_WARN_CONSTANT_CONVERSION = YES;
				CLANG_WARN_DEPRECATED_OBJC_IMPLEMENTATIONS = YES;
				CLANG_WARN_DIRECT_OBJC_ISA_USAGE = YES_ERROR;
				CLANG_WARN_DOCUMENTATION_COMMENTS = YES;
				CLANG_WARN_EMPTY_BODY = YES;
				CLANG_WARN_ENUM_CONVERSION = YES;
				CLANG_WARN_INFINITE_RECURSION = YES;
				CLANG_WARN_INT_CONVERSION = YES;
				CLANG_WARN_NON_LITERAL_NULL_CONVERSION = YES;
				CLANG_WARN_OBJC_IMPLICIT_RETAIN_SELF = YES;
				CLANG_WARN_OBJC_LITERAL_CONVERSION = YES;
				CLANG_WARN_OBJC_ROOT_CLASS = YES_ERROR;
				CLANG_WARN_QUOTED_INCLUDE_IN_FRAMEWORK_HEADER = YES;
				CLANG_WARN_RANGE_LOOP_ANALYSIS = YES;
				CLANG_WARN_STRICT_PROTOTYPES = YES;
				CLANG_WARN_SUSPICIOUS_MOVE = YES;
				CLANG_WARN_UNGUARDED_AVAILABILITY = YES_AGGRESSIVE;
				CLANG_WARN_UNREACHABLE_CODE = YES;
				CLANG_WARN__DUPLICATE_METHOD_MATCH = YES;
				COPY_PHASE_STRIP = NO;
				DEBUG_INFORMATION_FORMAT = dwarf;
				ENABLE_STRICT_OBJC_MSGSEND = YES;
				ENABLE_TESTABILITY = YES;
				GCC_C_LANGUAGE_STANDARD = gnu11;
				GCC_DYNAMIC_NO_PIC = NO;
				GCC_NO_COMMON_BLOCKS = YES;
				GCC_OPTIMIZATION_LEVEL = 0;
				GCC_PREPROCESSOR_DEFINITIONS = (
					"DEBUG=1",
					"$(inherited)",
				);
				GCC_WARN_64_TO_32_BIT_CONVERSION = YES;
				GCC_WARN_ABOUT_RETURN_TYPE = YES_ERROR;
				GCC_WARN_UNDECLARED_SELECTOR = YES;
				GCC_WARN_UNINITIALIZED_AUTOS = YES_AGGRESSIVE;
				GCC_WARN_UNUSED_FUNCTION = YES;
				GCC_WARN_UNUSED_VARIABLE = YES;
				IPHONEOS_DEPLOYMENT_TARGET = 16.1;
				MTL_ENABLE_DEBUG_INFO = INCLUDE_SOURCE;
				MTL_FAST_MATH = YES;
				ONLY_ACTIVE_ARCH = YES;
				SDKROOT = iphoneos;
				SWIFT_ACTIVE_COMPILATION_CONDITIONS = DEBUG;
				SWIFT_OPTIMIZATION_LEVEL = "-Onone";
			};
			name = Debug;
		};
		047035E42A152470005DA071 /* Release */ = {
			isa = XCBuildConfiguration;
			buildSettings = {
				ALWAYS_SEARCH_USER_PATHS = NO;
				CLANG_ANALYZER_NONNULL = YES;
				CLANG_ANALYZER_NUMBER_OBJECT_CONVERSION = YES_AGGRESSIVE;
				CLANG_CXX_LANGUAGE_STANDARD = "gnu++20";
				CLANG_ENABLE_MODULES = YES;
				CLANG_ENABLE_OBJC_ARC = YES;
				CLANG_ENABLE_OBJC_WEAK = YES;
				CLANG_WARN_BLOCK_CAPTURE_AUTORELEASING = YES;
				CLANG_WARN_BOOL_CONVERSION = YES;
				CLANG_WARN_COMMA = YES;
				CLANG_WARN_CONSTANT_CONVERSION = YES;
				CLANG_WARN_DEPRECATED_OBJC_IMPLEMENTATIONS = YES;
				CLANG_WARN_DIRECT_OBJC_ISA_USAGE = YES_ERROR;
				CLANG_WARN_DOCUMENTATION_COMMENTS = YES;
				CLANG_WARN_EMPTY_BODY = YES;
				CLANG_WARN_ENUM_CONVERSION = YES;
				CLANG_WARN_INFINITE_RECURSION = YES;
				CLANG_WARN_INT_CONVERSION = YES;
				CLANG_WARN_NON_LITERAL_NULL_CONVERSION = YES;
				CLANG_WARN_OBJC_IMPLICIT_RETAIN_SELF = YES;
				CLANG_WARN_OBJC_LITERAL_CONVERSION = YES;
				CLANG_WARN_OBJC_ROOT_CLASS = YES_ERROR;
				CLANG_WARN_QUOTED_INCLUDE_IN_FRAMEWORK_HEADER = YES;
				CLANG_WARN_RANGE_LOOP_ANALYSIS = YES;
				CLANG_WARN_STRICT_PROTOTYPES = YES;
				CLANG_WARN_SUSPICIOUS_MOVE = YES;
				CLANG_WARN_UNGUARDED_AVAILABILITY = YES_AGGRESSIVE;
				CLANG_WARN_UNREACHABLE_CODE = YES;
				CLANG_WARN__DUPLICATE_METHOD_MATCH = YES;
				COPY_PHASE_STRIP = NO;
				DEBUG_INFORMATION_FORMAT = "dwarf-with-dsym";
				ENABLE_NS_ASSERTIONS = NO;
				ENABLE_STRICT_OBJC_MSGSEND = YES;
				GCC_C_LANGUAGE_STANDARD = gnu11;
				GCC_NO_COMMON_BLOCKS = YES;
				GCC_WARN_64_TO_32_BIT_CONVERSION = YES;
				GCC_WARN_ABOUT_RETURN_TYPE = YES_ERROR;
				GCC_WARN_UNDECLARED_SELECTOR = YES;
				GCC_WARN_UNINITIALIZED_AUTOS = YES_AGGRESSIVE;
				GCC_WARN_UNUSED_FUNCTION = YES;
				GCC_WARN_UNUSED_VARIABLE = YES;
				IPHONEOS_DEPLOYMENT_TARGET = 16.1;
				MTL_ENABLE_DEBUG_INFO = NO;
				MTL_FAST_MATH = YES;
				SDKROOT = iphoneos;
				SWIFT_COMPILATION_MODE = wholemodule;
				SWIFT_OPTIMIZATION_LEVEL = "-O";
				VALIDATE_PRODUCT = YES;
			};
			name = Release;
		};
		047035E62A152470005DA071 /* Debug */ = {
			isa = XCBuildConfiguration;
			baseConfigurationReference = A0C1C4FFA5FB04EA48CC4763 /* Pods-Sports App.debug.xcconfig */;
			buildSettings = {
				ASSETCATALOG_COMPILER_APPICON_NAME = AppIcon;
				ASSETCATALOG_COMPILER_GLOBAL_ACCENT_COLOR_NAME = AccentColor;
				CODE_SIGN_STYLE = Automatic;
				CURRENT_PROJECT_VERSION = 1;
				DEVELOPMENT_TEAM = J225XWHZV9;
				GENERATE_INFOPLIST_FILE = YES;
				INFOPLIST_FILE = "Sports App/Info.plist";
				INFOPLIST_KEY_UIApplicationSupportsIndirectInputEvents = YES;
				INFOPLIST_KEY_UILaunchStoryboardName = LaunchScreen;
				INFOPLIST_KEY_UIMainStoryboardFile = Main;
				INFOPLIST_KEY_UISupportedInterfaceOrientations_iPad = "UIInterfaceOrientationPortrait UIInterfaceOrientationPortraitUpsideDown UIInterfaceOrientationLandscapeLeft UIInterfaceOrientationLandscapeRight";
				INFOPLIST_KEY_UISupportedInterfaceOrientations_iPhone = "UIInterfaceOrientationPortrait UIInterfaceOrientationLandscapeLeft UIInterfaceOrientationLandscapeRight";
				LD_RUNPATH_SEARCH_PATHS = (
					"$(inherited)",
					"@executable_path/Frameworks",
				);
				MARKETING_VERSION = 1.0;
				PRODUCT_BUNDLE_IDENTIFIER = "-234.Sports-App";
				PRODUCT_NAME = "$(TARGET_NAME)";
				SWIFT_EMIT_LOC_STRINGS = YES;
				SWIFT_VERSION = 5.0;
				TARGETED_DEVICE_FAMILY = "1,2";
			};
			name = Debug;
		};
		047035E72A152470005DA071 /* Release */ = {
			isa = XCBuildConfiguration;
			baseConfigurationReference = 17E3C39019F7CCD4E9D5941E /* Pods-Sports App.release.xcconfig */;
			buildSettings = {
				ASSETCATALOG_COMPILER_APPICON_NAME = AppIcon;
				ASSETCATALOG_COMPILER_GLOBAL_ACCENT_COLOR_NAME = AccentColor;
				CODE_SIGN_STYLE = Automatic;
				CURRENT_PROJECT_VERSION = 1;
				DEVELOPMENT_TEAM = J225XWHZV9;
				GENERATE_INFOPLIST_FILE = YES;
				INFOPLIST_FILE = "Sports App/Info.plist";
				INFOPLIST_KEY_UIApplicationSupportsIndirectInputEvents = YES;
				INFOPLIST_KEY_UILaunchStoryboardName = LaunchScreen;
				INFOPLIST_KEY_UIMainStoryboardFile = Main;
				INFOPLIST_KEY_UISupportedInterfaceOrientations_iPad = "UIInterfaceOrientationPortrait UIInterfaceOrientationPortraitUpsideDown UIInterfaceOrientationLandscapeLeft UIInterfaceOrientationLandscapeRight";
				INFOPLIST_KEY_UISupportedInterfaceOrientations_iPhone = "UIInterfaceOrientationPortrait UIInterfaceOrientationLandscapeLeft UIInterfaceOrientationLandscapeRight";
				LD_RUNPATH_SEARCH_PATHS = (
					"$(inherited)",
					"@executable_path/Frameworks",
				);
				MARKETING_VERSION = 1.0;
				PRODUCT_BUNDLE_IDENTIFIER = "-234.Sports-App";
				PRODUCT_NAME = "$(TARGET_NAME)";
				SWIFT_EMIT_LOC_STRINGS = YES;
				SWIFT_VERSION = 5.0;
				TARGETED_DEVICE_FAMILY = "1,2";
			};
			name = Release;
		};
/* End XCBuildConfiguration section */

/* Begin XCConfigurationList section */
		047035C92A15246C005DA071 /* Build configuration list for PBXProject "Sports App" */ = {
			isa = XCConfigurationList;
			buildConfigurations = (
				047035E32A152470005DA071 /* Debug */,
				047035E42A152470005DA071 /* Release */,
			);
			defaultConfigurationIsVisible = 0;
			defaultConfigurationName = Release;
		};
		047035E52A152470005DA071 /* Build configuration list for PBXNativeTarget "Sports App" */ = {
			isa = XCConfigurationList;
			buildConfigurations = (
				047035E62A152470005DA071 /* Debug */,
				047035E72A152470005DA071 /* Release */,
			);
			defaultConfigurationIsVisible = 0;
			defaultConfigurationName = Release;
		};
/* End XCConfigurationList section */

/* Begin XCVersionGroup section */
		047035DA2A15246D005DA071 /* Sports_App.xcdatamodeld */ = {
			isa = XCVersionGroup;
			children = (
				047035DB2A15246D005DA071 /* Sports_App.xcdatamodel */,
			);
			currentVersion = 047035DB2A15246D005DA071 /* Sports_App.xcdatamodel */;
			path = Sports_App.xcdatamodeld;
			sourceTree = "<group>";
			versionGroupType = wrapper.xcdatamodel;
		};
/* End XCVersionGroup section */
	};
	rootObject = 047035C62A15246C005DA071 /* Project object */;
}
