// !$*UTF8*$!
{
	archiveVersion = 1;
	classes = {
	};
	objectVersion = 56;
	objects = {

/* Begin PBXBuildFile section */
		042ABA7C2A1C9D4C0042F24E /* FakeSportsNetworkManager.swift in Sources */ = {isa = PBXBuildFile; fileRef = 042ABA7B2A1C9D4C0042F24E /* FakeSportsNetworkManager.swift */; };
		042ABA7E2A1CA39F0042F24E /* FakeResponses.swift in Sources */ = {isa = PBXBuildFile; fileRef = 042ABA7D2A1CA39F0042F24E /* FakeResponses.swift */; };
		042EE2242A1C211C0078D3D8 /* FootballNetworkManagerTest.swift in Sources */ = {isa = PBXBuildFile; fileRef = 042EE2232A1C211C0078D3D8 /* FootballNetworkManagerTest.swift */; };
		042EE2262A1C24210078D3D8 /* BasketBallNetworkManagerTests.swift in Sources */ = {isa = PBXBuildFile; fileRef = 042EE2252A1C24210078D3D8 /* BasketBallNetworkManagerTests.swift */; };
		042EE2282A1C27540078D3D8 /* CricketNetworkManagerTests.swift in Sources */ = {isa = PBXBuildFile; fileRef = 042EE2272A1C27530078D3D8 /* CricketNetworkManagerTests.swift */; };
		042EE22A2A1C296F0078D3D8 /* TennisNetworkManagerTests.swift in Sources */ = {isa = PBXBuildFile; fileRef = 042EE2292A1C296F0078D3D8 /* TennisNetworkManagerTests.swift */; };
		044E1CC02A1BFB9D0087527E /* Retchability.swift in Sources */ = {isa = PBXBuildFile; fileRef = 044E1CBF2A1BFB9D0087527E /* Retchability.swift */; };
		04627F282A174AC400A38D32 /* FavoriteDependancyFactory.swift in Sources */ = {isa = PBXBuildFile; fileRef = 04627F272A174AC400A38D32 /* FavoriteDependancyFactory.swift */; };
		04627F2C2A17502400A38D32 /* LeaguesDependancyFactory.swift in Sources */ = {isa = PBXBuildFile; fileRef = 04627F2B2A17502400A38D32 /* LeaguesDependancyFactory.swift */; };
		04627F2E2A1756C000A38D32 /* League.swift in Sources */ = {isa = PBXBuildFile; fileRef = 04627F2D2A1756C000A38D32 /* League.swift */; };
		04627F322A17788800A38D32 /* LeagueDetailsDependancyFactory.swift in Sources */ = {isa = PBXBuildFile; fileRef = 04627F312A17788800A38D32 /* LeagueDetailsDependancyFactory.swift */; };
		04627F342A17A84500A38D32 /* TeamDetailsViewModelDependancyFactory.swift in Sources */ = {isa = PBXBuildFile; fileRef = 04627F332A17A84500A38D32 /* TeamDetailsViewModelDependancyFactory.swift */; };
		04627F3E2A17D4FB00A38D32 /* anim.json in Resources */ = {isa = PBXBuildFile; fileRef = 04627F3D2A17D4FB00A38D32 /* anim.json */; };
		04627F402A17D5FE00A38D32 /* Assets.xcassets in Resources */ = {isa = PBXBuildFile; fileRef = 04627F3F2A17D5FE00A38D32 /* Assets.xcassets */; };
		047035D22A15246D005DA071 /* AppDelegate.swift in Sources */ = {isa = PBXBuildFile; fileRef = 047035D12A15246D005DA071 /* AppDelegate.swift */; };
		047035D42A15246D005DA071 /* SceneDelegate.swift in Sources */ = {isa = PBXBuildFile; fileRef = 047035D32A15246D005DA071 /* SceneDelegate.swift */; };
		047035D92A15246D005DA071 /* Main.storyboard in Resources */ = {isa = PBXBuildFile; fileRef = 047035D72A15246D005DA071 /* Main.storyboard */; };
		047035DC2A15246D005DA071 /* Sports_App.xcdatamodeld in Sources */ = {isa = PBXBuildFile; fileRef = 047035DA2A15246D005DA071 /* Sports_App.xcdatamodeld */; };
		047035E12A152470005DA071 /* LaunchScreen.storyboard in Resources */ = {isa = PBXBuildFile; fileRef = 047035DF2A152470005DA071 /* LaunchScreen.storyboard */; };
		0470CAD82A1640B3007B205F /* LeaguesViewModel.swift in Sources */ = {isa = PBXBuildFile; fileRef = 0470CAD72A1640B3007B205F /* LeaguesViewModel.swift */; };
		0470CADE2A1640EE007B205F /* LeaugesTableViewController.swift in Sources */ = {isa = PBXBuildFile; fileRef = 0470CADD2A1640EE007B205F /* LeaugesTableViewController.swift */; };
		0470CAE22A16416A007B205F /* LeagueDetailsViewController.swift in Sources */ = {isa = PBXBuildFile; fileRef = 0470CAE12A16416A007B205F /* LeagueDetailsViewController.swift */; };
		0470CAE42A164190007B205F /* LeaugeDetailsViewModel.swift in Sources */ = {isa = PBXBuildFile; fileRef = 0470CAE32A164190007B205F /* LeaugeDetailsViewModel.swift */; };
		0470CAE82A1641DC007B205F /* TeamDetailsViewModel.swift in Sources */ = {isa = PBXBuildFile; fileRef = 0470CAE72A1641DC007B205F /* TeamDetailsViewModel.swift */; };
		0470CAEA2A1641EE007B205F /* TeamDetailsViewController.swift in Sources */ = {isa = PBXBuildFile; fileRef = 0470CAE92A1641EE007B205F /* TeamDetailsViewController.swift */; };
		0470CAEE2A16493A007B205F /* FavoritesTableViewController.swift in Sources */ = {isa = PBXBuildFile; fileRef = 0470CAED2A16493A007B205F /* FavoritesTableViewController.swift */; };
		0470CAF12A164952007B205F /* FavoritesTableViewCell.swift in Sources */ = {isa = PBXBuildFile; fileRef = 0470CAEF2A164952007B205F /* FavoritesTableViewCell.swift */; };
		0470CAF52A16496B007B205F /* FavoritesViewModel.swift in Sources */ = {isa = PBXBuildFile; fileRef = 0470CAF42A16496B007B205F /* FavoritesViewModel.swift */; };
		0470CAF92A164A09007B205F /* SplashViewController.swift in Sources */ = {isa = PBXBuildFile; fileRef = 0470CAF82A164A09007B205F /* SplashViewController.swift */; };
		0470CAFB2A164B24007B205F /* SplashTabBarController.swift in Sources */ = {isa = PBXBuildFile; fileRef = 0470CAFA2A164B24007B205F /* SplashTabBarController.swift */; };
		047536B62A192EE200FE4066 /* PlayerTableViewCell.swift in Sources */ = {isa = PBXBuildFile; fileRef = 047536B52A192EE200FE4066 /* PlayerTableViewCell.swift */; };
		0475A4632A180A4900A2DDF8 /* LeagueTableViewCell.swift in Sources */ = {isa = PBXBuildFile; fileRef = 0475A4622A180A4900A2DDF8 /* LeagueTableViewCell.swift */; };
		0475A4652A1813EB00A2DDF8 /* LatestResultsCollectionViewCell.swift in Sources */ = {isa = PBXBuildFile; fileRef = 0475A4642A1813EB00A2DDF8 /* LatestResultsCollectionViewCell.swift */; };
		0475A4672A18143800A2DDF8 /* TeamCollectionViewCell.swift in Sources */ = {isa = PBXBuildFile; fileRef = 0475A4662A18143800A2DDF8 /* TeamCollectionViewCell.swift */; };
		0475A4692A18147F00A2DDF8 /* UpComingCollectionViewCell.swift in Sources */ = {isa = PBXBuildFile; fileRef = 0475A4682A18147F00A2DDF8 /* UpComingCollectionViewCell.swift */; };
		04CEEEAD2A1669E900570A98 /* URLs.swift in Sources */ = {isa = PBXBuildFile; fileRef = 04CEEEAC2A1669E900570A98 /* URLs.swift */; };
		04CEEEB02A167C5400570A98 /* FootballEvents.swift in Sources */ = {isa = PBXBuildFile; fileRef = 04CEEEAF2A167C5400570A98 /* FootballEvents.swift */; };
		04CEEEB22A168FE300570A98 /* TennisLeaguesResponse.swift in Sources */ = {isa = PBXBuildFile; fileRef = 04CEEEB12A168FE300570A98 /* TennisLeaguesResponse.swift */; };
		04CEEEB42A16912B00570A98 /* BasketLeaguesResponse.swift in Sources */ = {isa = PBXBuildFile; fileRef = 04CEEEB32A16912B00570A98 /* BasketLeaguesResponse.swift */; };
		04CEEEB82A1691F500570A98 /* CricketLeagues.swift in Sources */ = {isa = PBXBuildFile; fileRef = 04CEEEB72A1691F500570A98 /* CricketLeagues.swift */; };
		04CEEEBA2A16932400570A98 /* FootballLeagues.swift in Sources */ = {isa = PBXBuildFile; fileRef = 04CEEEB92A16932400570A98 /* FootballLeagues.swift */; };
		04CEEEEB2A16A2FE00570A98 /* CricketEvents.swift in Sources */ = {isa = PBXBuildFile; fileRef = 04CEEEEA2A16A2FE00570A98 /* CricketEvents.swift */; };
		04CEEEED2A16A36200570A98 /* BasketballEvents.swift in Sources */ = {isa = PBXBuildFile; fileRef = 04CEEEEC2A16A36200570A98 /* BasketballEvents.swift */; };
		04CEEEEF2A16A43500570A98 /* TennisEvents.swift in Sources */ = {isa = PBXBuildFile; fileRef = 04CEEEEE2A16A43500570A98 /* TennisEvents.swift */; };
		04CEEEF22A16AB1100570A98 /* FootballTeamDetails.swift in Sources */ = {isa = PBXBuildFile; fileRef = 04CEEEF12A16AB1100570A98 /* FootballTeamDetails.swift */; };
		04CEEEF42A16AD8A00570A98 /* BasketballTeamDetails.swift in Sources */ = {isa = PBXBuildFile; fileRef = 04CEEEF32A16AD8A00570A98 /* BasketballTeamDetails.swift */; };
		04CEEEF62A16ADA900570A98 /* CricketTeamDetails.swift in Sources */ = {isa = PBXBuildFile; fileRef = 04CEEEF52A16ADA900570A98 /* CricketTeamDetails.swift */; };
		04CEEEF82A16ADBB00570A98 /* TennisPlayerDetails.swift in Sources */ = {isa = PBXBuildFile; fileRef = 04CEEEF72A16ADBB00570A98 /* TennisPlayerDetails.swift */; };
		04CEEF682A16BAC900570A98 /* Pods_Sports_App.framework in Frameworks */ = {isa = PBXBuildFile; fileRef = 1EFCCF35AC95B20097578D36 /* Pods_Sports_App.framework */; };
		04CEEF692A16BAC900570A98 /* Pods_Sports_App.framework in Embed Frameworks */ = {isa = PBXBuildFile; fileRef = 1EFCCF35AC95B20097578D36 /* Pods_Sports_App.framework */; settings = {ATTRIBUTES = (CodeSignOnCopy, RemoveHeadersOnCopy, ); }; };
		04CEEF702A16BC6200570A98 /* TennisNetworkManager.swift in Sources */ = {isa = PBXBuildFile; fileRef = 04CEEF6F2A16BC6200570A98 /* TennisNetworkManager.swift */; };
		04CEEF722A16BC7600570A98 /* CricketNetworkManager.swift in Sources */ = {isa = PBXBuildFile; fileRef = 04CEEF712A16BC7600570A98 /* CricketNetworkManager.swift */; };
		04CEEF742A16BC9E00570A98 /* BasketballNetworkManager.swift in Sources */ = {isa = PBXBuildFile; fileRef = 04CEEF732A16BC9E00570A98 /* BasketballNetworkManager.swift */; };
		04CEEF762A16BCB700570A98 /* FootballNetworkManager.swift in Sources */ = {isa = PBXBuildFile; fileRef = 04CEEF752A16BCB700570A98 /* FootballNetworkManager.swift */; };
		04CEEF792A16C7CF00570A98 /* DBManager.swift in Sources */ = {isa = PBXBuildFile; fileRef = 04CEEF782A16C7CF00570A98 /* DBManager.swift */; };
		04D8F8CC2A15343400E46036 /* Alerts.swift in Sources */ = {isa = PBXBuildFile; fileRef = 04D8F8CB2A15343400E46036 /* Alerts.swift */; };
		04D8F8CE2A15344400E46036 /* Constants.swift in Sources */ = {isa = PBXBuildFile; fileRef = 04D8F8CD2A15344400E46036 /* Constants.swift */; };
		04D8F8D02A153BBE00E46036 /* SportsViewController.swift in Sources */ = {isa = PBXBuildFile; fileRef = 04D8F8CF2A153BBE00E46036 /* SportsViewController.swift */; };
		04D8F8D22A153BE000E46036 /* SportCollectionViewCell.swift in Sources */ = {isa = PBXBuildFile; fileRef = 04D8F8D12A153BE000E46036 /* SportCollectionViewCell.swift */; };
/* End PBXBuildFile section */

/* Begin PBXContainerItemProxy section */
		042EE21E2A1C20830078D3D8 /* PBXContainerItemProxy */ = {
			isa = PBXContainerItemProxy;
			containerPortal = 047035C62A15246C005DA071 /* Project object */;
			proxyType = 1;
			remoteGlobalIDString = 047035CD2A15246C005DA071;
			remoteInfo = "Sports App";
		};
/* End PBXContainerItemProxy section */

/* Begin PBXCopyFilesBuildPhase section */
		04CEEF672A16BA4F00570A98 /* Embed Frameworks */ = {
			isa = PBXCopyFilesBuildPhase;
			buildActionMask = 2147483647;
			dstPath = "";
			dstSubfolderSpec = 10;
			files = (
				04CEEF692A16BAC900570A98 /* Pods_Sports_App.framework in Embed Frameworks */,
			);
			name = "Embed Frameworks";
			runOnlyForDeploymentPostprocessing = 0;
		};
/* End PBXCopyFilesBuildPhase section */

/* Begin PBXFileReference section */
		042ABA7B2A1C9D4C0042F24E /* FakeSportsNetworkManager.swift */ = {isa = PBXFileReference; lastKnownFileType = sourcecode.swift; path = FakeSportsNetworkManager.swift; sourceTree = "<group>"; };
		042ABA7D2A1CA39F0042F24E /* FakeResponses.swift */ = {isa = PBXFileReference; lastKnownFileType = sourcecode.swift; path = FakeResponses.swift; sourceTree = "<group>"; };
		042EE21A2A1C20830078D3D8 /* Sports AppTests.xctest */ = {isa = PBXFileReference; explicitFileType = wrapper.cfbundle; includeInIndex = 0; path = "Sports AppTests.xctest"; sourceTree = BUILT_PRODUCTS_DIR; };
		042EE2232A1C211C0078D3D8 /* FootballNetworkManagerTest.swift */ = {isa = PBXFileReference; lastKnownFileType = sourcecode.swift; path = FootballNetworkManagerTest.swift; sourceTree = "<group>"; };
		042EE2252A1C24210078D3D8 /* BasketBallNetworkManagerTests.swift */ = {isa = PBXFileReference; lastKnownFileType = sourcecode.swift; path = BasketBallNetworkManagerTests.swift; sourceTree = "<group>"; };
		042EE2272A1C27530078D3D8 /* CricketNetworkManagerTests.swift */ = {isa = PBXFileReference; lastKnownFileType = sourcecode.swift; path = CricketNetworkManagerTests.swift; sourceTree = "<group>"; };
		042EE2292A1C296F0078D3D8 /* TennisNetworkManagerTests.swift */ = {isa = PBXFileReference; lastKnownFileType = sourcecode.swift; path = TennisNetworkManagerTests.swift; sourceTree = "<group>"; };
		044E1CBF2A1BFB9D0087527E /* Retchability.swift */ = {isa = PBXFileReference; lastKnownFileType = sourcecode.swift; path = Retchability.swift; sourceTree = "<group>"; };
		04627F272A174AC400A38D32 /* FavoriteDependancyFactory.swift */ = {isa = PBXFileReference; lastKnownFileType = sourcecode.swift; path = FavoriteDependancyFactory.swift; sourceTree = "<group>"; };
		04627F2B2A17502400A38D32 /* LeaguesDependancyFactory.swift */ = {isa = PBXFileReference; lastKnownFileType = sourcecode.swift; path = LeaguesDependancyFactory.swift; sourceTree = "<group>"; };
		04627F2D2A1756C000A38D32 /* League.swift */ = {isa = PBXFileReference; lastKnownFileType = sourcecode.swift; path = League.swift; sourceTree = "<group>"; };
		04627F312A17788800A38D32 /* LeagueDetailsDependancyFactory.swift */ = {isa = PBXFileReference; lastKnownFileType = sourcecode.swift; path = LeagueDetailsDependancyFactory.swift; sourceTree = "<group>"; };
		04627F332A17A84500A38D32 /* TeamDetailsViewModelDependancyFactory.swift */ = {isa = PBXFileReference; lastKnownFileType = sourcecode.swift; path = TeamDetailsViewModelDependancyFactory.swift; sourceTree = "<group>"; };
		04627F3D2A17D4FB00A38D32 /* anim.json */ = {isa = PBXFileReference; fileEncoding = 4; lastKnownFileType = text.json; path = anim.json; sourceTree = "<group>"; };
		04627F3F2A17D5FE00A38D32 /* Assets.xcassets */ = {isa = PBXFileReference; lastKnownFileType = folder.assetcatalog; path = Assets.xcassets; sourceTree = "<group>"; };
		047035CE2A15246C005DA071 /* Sports App.app */ = {isa = PBXFileReference; explicitFileType = wrapper.application; includeInIndex = 0; path = "Sports App.app"; sourceTree = BUILT_PRODUCTS_DIR; };
		047035D12A15246D005DA071 /* AppDelegate.swift */ = {isa = PBXFileReference; lastKnownFileType = sourcecode.swift; path = AppDelegate.swift; sourceTree = "<group>"; };
		047035D32A15246D005DA071 /* SceneDelegate.swift */ = {isa = PBXFileReference; lastKnownFileType = sourcecode.swift; path = SceneDelegate.swift; sourceTree = "<group>"; };
		047035D82A15246D005DA071 /* Base */ = {isa = PBXFileReference; lastKnownFileType = file.storyboard; name = Base; path = Base.lproj/Main.storyboard; sourceTree = "<group>"; };
		047035DB2A15246D005DA071 /* Sports_App.xcdatamodel */ = {isa = PBXFileReference; lastKnownFileType = wrapper.xcdatamodel; path = Sports_App.xcdatamodel; sourceTree = "<group>"; };
		047035E02A152470005DA071 /* Base */ = {isa = PBXFileReference; lastKnownFileType = file.storyboard; name = Base; path = Base.lproj/LaunchScreen.storyboard; sourceTree = "<group>"; };
		047035E22A152470005DA071 /* Info.plist */ = {isa = PBXFileReference; lastKnownFileType = text.plist.xml; path = Info.plist; sourceTree = "<group>"; };
		0470CAD72A1640B3007B205F /* LeaguesViewModel.swift */ = {isa = PBXFileReference; lastKnownFileType = sourcecode.swift; path = LeaguesViewModel.swift; sourceTree = "<group>"; };
		0470CADD2A1640EE007B205F /* LeaugesTableViewController.swift */ = {isa = PBXFileReference; lastKnownFileType = sourcecode.swift; path = LeaugesTableViewController.swift; sourceTree = "<group>"; };
		0470CAE12A16416A007B205F /* LeagueDetailsViewController.swift */ = {isa = PBXFileReference; lastKnownFileType = sourcecode.swift; path = LeagueDetailsViewController.swift; sourceTree = "<group>"; };
		0470CAE32A164190007B205F /* LeaugeDetailsViewModel.swift */ = {isa = PBXFileReference; lastKnownFileType = sourcecode.swift; path = LeaugeDetailsViewModel.swift; sourceTree = "<group>"; };
		0470CAE72A1641DC007B205F /* TeamDetailsViewModel.swift */ = {isa = PBXFileReference; lastKnownFileType = sourcecode.swift; path = TeamDetailsViewModel.swift; sourceTree = "<group>"; };
		0470CAE92A1641EE007B205F /* TeamDetailsViewController.swift */ = {isa = PBXFileReference; lastKnownFileType = sourcecode.swift; path = TeamDetailsViewController.swift; sourceTree = "<group>"; };
		0470CAED2A16493A007B205F /* FavoritesTableViewController.swift */ = {isa = PBXFileReference; lastKnownFileType = sourcecode.swift; path = FavoritesTableViewController.swift; sourceTree = "<group>"; };
		0470CAEF2A164952007B205F /* FavoritesTableViewCell.swift */ = {isa = PBXFileReference; lastKnownFileType = sourcecode.swift; path = FavoritesTableViewCell.swift; sourceTree = "<group>"; };
		0470CAF42A16496B007B205F /* FavoritesViewModel.swift */ = {isa = PBXFileReference; lastKnownFileType = sourcecode.swift; path = FavoritesViewModel.swift; sourceTree = "<group>"; };
		0470CAF82A164A09007B205F /* SplashViewController.swift */ = {isa = PBXFileReference; lastKnownFileType = sourcecode.swift; path = SplashViewController.swift; sourceTree = "<group>"; };
		0470CAFA2A164B24007B205F /* SplashTabBarController.swift */ = {isa = PBXFileReference; lastKnownFileType = sourcecode.swift; path = SplashTabBarController.swift; sourceTree = "<group>"; };
		047536B52A192EE200FE4066 /* PlayerTableViewCell.swift */ = {isa = PBXFileReference; lastKnownFileType = sourcecode.swift; path = PlayerTableViewCell.swift; sourceTree = "<group>"; };
		0475A4622A180A4900A2DDF8 /* LeagueTableViewCell.swift */ = {isa = PBXFileReference; lastKnownFileType = sourcecode.swift; path = LeagueTableViewCell.swift; sourceTree = "<group>"; };
		0475A4642A1813EB00A2DDF8 /* LatestResultsCollectionViewCell.swift */ = {isa = PBXFileReference; lastKnownFileType = sourcecode.swift; path = LatestResultsCollectionViewCell.swift; sourceTree = "<group>"; };
		0475A4662A18143800A2DDF8 /* TeamCollectionViewCell.swift */ = {isa = PBXFileReference; lastKnownFileType = sourcecode.swift; path = TeamCollectionViewCell.swift; sourceTree = "<group>"; };
		0475A4682A18147F00A2DDF8 /* UpComingCollectionViewCell.swift */ = {isa = PBXFileReference; lastKnownFileType = sourcecode.swift; path = UpComingCollectionViewCell.swift; sourceTree = "<group>"; };
		04CEEEAC2A1669E900570A98 /* URLs.swift */ = {isa = PBXFileReference; lastKnownFileType = sourcecode.swift; path = URLs.swift; sourceTree = "<group>"; };
		04CEEEAF2A167C5400570A98 /* FootballEvents.swift */ = {isa = PBXFileReference; lastKnownFileType = sourcecode.swift; path = FootballEvents.swift; sourceTree = "<group>"; };
		04CEEEB12A168FE300570A98 /* TennisLeaguesResponse.swift */ = {isa = PBXFileReference; lastKnownFileType = sourcecode.swift; path = TennisLeaguesResponse.swift; sourceTree = "<group>"; };
		04CEEEB32A16912B00570A98 /* BasketLeaguesResponse.swift */ = {isa = PBXFileReference; lastKnownFileType = sourcecode.swift; path = BasketLeaguesResponse.swift; sourceTree = "<group>"; };
		04CEEEB72A1691F500570A98 /* CricketLeagues.swift */ = {isa = PBXFileReference; lastKnownFileType = sourcecode.swift; path = CricketLeagues.swift; sourceTree = "<group>"; };
		04CEEEB92A16932400570A98 /* FootballLeagues.swift */ = {isa = PBXFileReference; lastKnownFileType = sourcecode.swift; path = FootballLeagues.swift; sourceTree = "<group>"; };
		04CEEEEA2A16A2FE00570A98 /* CricketEvents.swift */ = {isa = PBXFileReference; lastKnownFileType = sourcecode.swift; path = CricketEvents.swift; sourceTree = "<group>"; };
		04CEEEEC2A16A36200570A98 /* BasketballEvents.swift */ = {isa = PBXFileReference; lastKnownFileType = sourcecode.swift; path = BasketballEvents.swift; sourceTree = "<group>"; };
		04CEEEEE2A16A43500570A98 /* TennisEvents.swift */ = {isa = PBXFileReference; lastKnownFileType = sourcecode.swift; path = TennisEvents.swift; sourceTree = "<group>"; };
		04CEEEF12A16AB1100570A98 /* FootballTeamDetails.swift */ = {isa = PBXFileReference; lastKnownFileType = sourcecode.swift; path = FootballTeamDetails.swift; sourceTree = "<group>"; };
		04CEEEF32A16AD8A00570A98 /* BasketballTeamDetails.swift */ = {isa = PBXFileReference; lastKnownFileType = sourcecode.swift; path = BasketballTeamDetails.swift; sourceTree = "<group>"; };
		04CEEEF52A16ADA900570A98 /* CricketTeamDetails.swift */ = {isa = PBXFileReference; lastKnownFileType = sourcecode.swift; path = CricketTeamDetails.swift; sourceTree = "<group>"; };
		04CEEEF72A16ADBB00570A98 /* TennisPlayerDetails.swift */ = {isa = PBXFileReference; lastKnownFileType = sourcecode.swift; path = TennisPlayerDetails.swift; sourceTree = "<group>"; };
		04CEEF6F2A16BC6200570A98 /* TennisNetworkManager.swift */ = {isa = PBXFileReference; lastKnownFileType = sourcecode.swift; path = TennisNetworkManager.swift; sourceTree = "<group>"; };
		04CEEF712A16BC7600570A98 /* CricketNetworkManager.swift */ = {isa = PBXFileReference; lastKnownFileType = sourcecode.swift; path = CricketNetworkManager.swift; sourceTree = "<group>"; };
		04CEEF732A16BC9E00570A98 /* BasketballNetworkManager.swift */ = {isa = PBXFileReference; lastKnownFileType = sourcecode.swift; path = BasketballNetworkManager.swift; sourceTree = "<group>"; };
		04CEEF752A16BCB700570A98 /* FootballNetworkManager.swift */ = {isa = PBXFileReference; lastKnownFileType = sourcecode.swift; path = FootballNetworkManager.swift; sourceTree = "<group>"; };
		04CEEF782A16C7CF00570A98 /* DBManager.swift */ = {isa = PBXFileReference; lastKnownFileType = sourcecode.swift; path = DBManager.swift; sourceTree = "<group>"; };
		04D8F8CB2A15343400E46036 /* Alerts.swift */ = {isa = PBXFileReference; lastKnownFileType = sourcecode.swift; path = Alerts.swift; sourceTree = "<group>"; };
		04D8F8CD2A15344400E46036 /* Constants.swift */ = {isa = PBXFileReference; lastKnownFileType = sourcecode.swift; path = Constants.swift; sourceTree = "<group>"; };
		04D8F8CF2A153BBE00E46036 /* SportsViewController.swift */ = {isa = PBXFileReference; lastKnownFileType = sourcecode.swift; path = SportsViewController.swift; sourceTree = "<group>"; };
		04D8F8D12A153BE000E46036 /* SportCollectionViewCell.swift */ = {isa = PBXFileReference; lastKnownFileType = sourcecode.swift; path = SportCollectionViewCell.swift; sourceTree = "<group>"; };
		17E3C39019F7CCD4E9D5941E /* Pods-Sports App.release.xcconfig */ = {isa = PBXFileReference; includeInIndex = 1; lastKnownFileType = text.xcconfig; name = "Pods-Sports App.release.xcconfig"; path = "Target Support Files/Pods-Sports App/Pods-Sports App.release.xcconfig"; sourceTree = "<group>"; };
		1EFCCF35AC95B20097578D36 /* Pods_Sports_App.framework */ = {isa = PBXFileReference; explicitFileType = wrapper.framework; includeInIndex = 0; path = Pods_Sports_App.framework; sourceTree = BUILT_PRODUCTS_DIR; };
		A0C1C4FFA5FB04EA48CC4763 /* Pods-Sports App.debug.xcconfig */ = {isa = PBXFileReference; includeInIndex = 1; lastKnownFileType = text.xcconfig; name = "Pods-Sports App.debug.xcconfig"; path = "Target Support Files/Pods-Sports App/Pods-Sports App.debug.xcconfig"; sourceTree = "<group>"; };
/* End PBXFileReference section */

/* Begin PBXFrameworksBuildPhase section */
		042EE2172A1C20830078D3D8 /* Frameworks */ = {
			isa = PBXFrameworksBuildPhase;
			buildActionMask = 2147483647;
			files = (
			);
			runOnlyForDeploymentPostprocessing = 0;
		};
		047035CB2A15246C005DA071 /* Frameworks */ = {
			isa = PBXFrameworksBuildPhase;
			buildActionMask = 2147483647;
			files = (
				04CEEF682A16BAC900570A98 /* Pods_Sports_App.framework in Frameworks */,
			);
			runOnlyForDeploymentPostprocessing = 0;
		};
/* End PBXFrameworksBuildPhase section */

/* Begin PBXGroup section */
		04096C022A1D38E8005DB996 /* network_test */ = {
			isa = PBXGroup;
			children = (
				042EE2292A1C296F0078D3D8 /* TennisNetworkManagerTests.swift */,
				042EE2272A1C27530078D3D8 /* CricketNetworkManagerTests.swift */,
				042EE2252A1C24210078D3D8 /* BasketBallNetworkManagerTests.swift */,
				042EE2232A1C211C0078D3D8 /* FootballNetworkManagerTest.swift */,
			);
			path = network_test;
			sourceTree = "<group>";
		};
		04096C032A1D3907005DB996 /* fake_network */ = {
			isa = PBXGroup;
			children = (
				042ABA7D2A1CA39F0042F24E /* FakeResponses.swift */,
				042ABA7B2A1C9D4C0042F24E /* FakeSportsNetworkManager.swift */,
			);
			path = fake_network;
			sourceTree = "<group>";
		};
		042EE21B2A1C20830078D3D8 /* Sports AppTests */ = {
			isa = PBXGroup;
			children = (
				04096C032A1D3907005DB996 /* fake_network */,
				04096C022A1D38E8005DB996 /* network_test */,
			);
			path = "Sports AppTests";
			sourceTree = "<group>";
		};
		047035C52A15246C005DA071 = {
			isa = PBXGroup;
			children = (
				047035D02A15246D005DA071 /* Sports App */,
				042EE21B2A1C20830078D3D8 /* Sports AppTests */,
				047035CF2A15246C005DA071 /* Products */,
				FCC1A4F420B4599D2F0D804E /* Pods */,
				238651152DC8239BA949B967 /* Frameworks */,
			);
			sourceTree = "<group>";
		};
		047035CF2A15246C005DA071 /* Products */ = {
			isa = PBXGroup;
			children = (
				047035CE2A15246C005DA071 /* Sports App.app */,
				042EE21A2A1C20830078D3D8 /* Sports AppTests.xctest */,
			);
			name = Products;
			sourceTree = "<group>";
		};
		047035D02A15246D005DA071 /* Sports App */ = {
			isa = PBXGroup;
			children = (
				04CEEF772A16C7B900570A98 /* db */,
				04CEEF6A2A16BBD200570A98 /* services */,
				04CEEEAE2A167C3D00570A98 /* Models */,
				0470CAFD2A164C2C007B205F /* view */,
				0470CAFC2A164BCE007B205F /* comman */,
				04D8F8CA2A15342400E46036 /* utils */,
				047035EC2A152D05005DA071 /* modules */,
				047035E22A152470005DA071 /* Info.plist */,
				047035DA2A15246D005DA071 /* Sports_App.xcdatamodeld */,
			);
			path = "Sports App";
			sourceTree = "<group>";
		};
		047035EC2A152D05005DA071 /* modules */ = {
			isa = PBXGroup;
			children = (
				0470CAF62A1649D9007B205F /* splash */,
				047035F02A152D4B005DA071 /* sports */,
				0470CAD22A164067007B205F /* Leagues */,
				0470CAD32A164072007B205F /* LeagueDetails */,
				0470CAEB2A164910007B205F /* Favorites */,
				0470CAD42A16408B007B205F /* TeamDetails */,
			);
			path = modules;
			sourceTree = "<group>";
		};
		047035F02A152D4B005DA071 /* sports */ = {
			isa = PBXGroup;
			children = (
				047035F12A152D54005DA071 /* view */,
			);
			path = sports;
			sourceTree = "<group>";
		};
		047035F12A152D54005DA071 /* view */ = {
			isa = PBXGroup;
			children = (
				04D8F8CF2A153BBE00E46036 /* SportsViewController.swift */,
				04D8F8D12A153BE000E46036 /* SportCollectionViewCell.swift */,
			);
			path = view;
			sourceTree = "<group>";
		};
		0470CAD22A164067007B205F /* Leagues */ = {
			isa = PBXGroup;
			children = (
				0470CAD62A1640A0007B205F /* viewModel */,
				0470CAD52A164099007B205F /* view */,
			);
			path = Leagues;
			sourceTree = "<group>";
		};
		0470CAD32A164072007B205F /* LeagueDetails */ = {
			isa = PBXGroup;
			children = (
				0470CAE02A164140007B205F /* view */,
				0470CADF2A16412F007B205F /* ViewModel */,
			);
			path = LeagueDetails;
			sourceTree = "<group>";
		};
		0470CAD42A16408B007B205F /* TeamDetails */ = {
			isa = PBXGroup;
			children = (
				0470CAE62A1641CA007B205F /* viewModel */,
				0470CAE52A1641B4007B205F /* view */,
			);
			path = TeamDetails;
			sourceTree = "<group>";
		};
		0470CAD52A164099007B205F /* view */ = {
			isa = PBXGroup;
			children = (
				0470CADD2A1640EE007B205F /* LeaugesTableViewController.swift */,
				0475A4622A180A4900A2DDF8 /* LeagueTableViewCell.swift */,
			);
			path = view;
			sourceTree = "<group>";
		};
		0470CAD62A1640A0007B205F /* viewModel */ = {
			isa = PBXGroup;
			children = (
				0470CAD72A1640B3007B205F /* LeaguesViewModel.swift */,
				04627F2B2A17502400A38D32 /* LeaguesDependancyFactory.swift */,
			);
			path = viewModel;
			sourceTree = "<group>";
		};
		0470CADF2A16412F007B205F /* ViewModel */ = {
			isa = PBXGroup;
			children = (
				0470CAE32A164190007B205F /* LeaugeDetailsViewModel.swift */,
				04627F312A17788800A38D32 /* LeagueDetailsDependancyFactory.swift */,
			);
			path = ViewModel;
			sourceTree = "<group>";
		};
		0470CAE02A164140007B205F /* view */ = {
			isa = PBXGroup;
			children = (
				0470CAE12A16416A007B205F /* LeagueDetailsViewController.swift */,
				0475A4642A1813EB00A2DDF8 /* LatestResultsCollectionViewCell.swift */,
				0475A4662A18143800A2DDF8 /* TeamCollectionViewCell.swift */,
				0475A4682A18147F00A2DDF8 /* UpComingCollectionViewCell.swift */,
			);
			path = view;
			sourceTree = "<group>";
		};
		0470CAE52A1641B4007B205F /* view */ = {
			isa = PBXGroup;
			children = (
				0470CAE92A1641EE007B205F /* TeamDetailsViewController.swift */,
				047536B52A192EE200FE4066 /* PlayerTableViewCell.swift */,
			);
			path = view;
			sourceTree = "<group>";
		};
		0470CAE62A1641CA007B205F /* viewModel */ = {
			isa = PBXGroup;
			children = (
				0470CAE72A1641DC007B205F /* TeamDetailsViewModel.swift */,
				04627F332A17A84500A38D32 /* TeamDetailsViewModelDependancyFactory.swift */,
			);
			path = viewModel;
			sourceTree = "<group>";
		};
		0470CAEB2A164910007B205F /* Favorites */ = {
			isa = PBXGroup;
			children = (
				0470CAF32A164957007B205F /* viewModel */,
				0470CAEC2A16491B007B205F /* view */,
			);
			path = Favorites;
			sourceTree = "<group>";
		};
		0470CAEC2A16491B007B205F /* view */ = {
			isa = PBXGroup;
			children = (
				0470CAED2A16493A007B205F /* FavoritesTableViewController.swift */,
				0470CAEF2A164952007B205F /* FavoritesTableViewCell.swift */,
			);
			path = view;
			sourceTree = "<group>";
		};
		0470CAF32A164957007B205F /* viewModel */ = {
			isa = PBXGroup;
			children = (
				0470CAF42A16496B007B205F /* FavoritesViewModel.swift */,
				04627F272A174AC400A38D32 /* FavoriteDependancyFactory.swift */,
			);
			path = viewModel;
			sourceTree = "<group>";
		};
		0470CAF62A1649D9007B205F /* splash */ = {
			isa = PBXGroup;
			children = (
				0470CAF72A1649E4007B205F /* view */,
			);
			path = splash;
			sourceTree = "<group>";
		};
		0470CAF72A1649E4007B205F /* view */ = {
			isa = PBXGroup;
			children = (
				04627F3D2A17D4FB00A38D32 /* anim.json */,
				0470CAF82A164A09007B205F /* SplashViewController.swift */,
				0470CAFA2A164B24007B205F /* SplashTabBarController.swift */,
			);
			path = view;
			sourceTree = "<group>";
		};
		0470CAFC2A164BCE007B205F /* comman */ = {
			isa = PBXGroup;
			children = (
				04627F3F2A17D5FE00A38D32 /* Assets.xcassets */,
				047035D12A15246D005DA071 /* AppDelegate.swift */,
				047035D32A15246D005DA071 /* SceneDelegate.swift */,
			);
			path = comman;
			sourceTree = "<group>";
		};
		0470CAFD2A164C2C007B205F /* view */ = {
			isa = PBXGroup;
			children = (
				047035D72A15246D005DA071 /* Main.storyboard */,
				047035DF2A152470005DA071 /* LaunchScreen.storyboard */,
			);
			path = view;
			sourceTree = "<group>";
		};
		04CEEEAE2A167C3D00570A98 /* Models */ = {
			isa = PBXGroup;
			children = (
				04CEEEF02A16AAF300570A98 /* Teams&Players */,
				04CEEEB62A16916E00570A98 /* events */,
				04CEEEB52A16914100570A98 /* leagues */,
				04627F2D2A1756C000A38D32 /* League.swift */,
			);
			path = Models;
			sourceTree = "<group>";
		};
		04CEEEB52A16914100570A98 /* leagues */ = {
			isa = PBXGroup;
			children = (
				04CEEEB32A16912B00570A98 /* BasketLeaguesResponse.swift */,
				04CEEEB12A168FE300570A98 /* TennisLeaguesResponse.swift */,
				04CEEEB72A1691F500570A98 /* CricketLeagues.swift */,
				04CEEEB92A16932400570A98 /* FootballLeagues.swift */,
			);
			path = leagues;
			sourceTree = "<group>";
		};
		04CEEEB62A16916E00570A98 /* events */ = {
			isa = PBXGroup;
			children = (
				04CEEEAF2A167C5400570A98 /* FootballEvents.swift */,
				04CEEEEC2A16A36200570A98 /* BasketballEvents.swift */,
				04CEEEEA2A16A2FE00570A98 /* CricketEvents.swift */,
				04CEEEEE2A16A43500570A98 /* TennisEvents.swift */,
			);
			path = events;
			sourceTree = "<group>";
		};
		04CEEEF02A16AAF300570A98 /* Teams&Players */ = {
			isa = PBXGroup;
			children = (
				04CEEEF12A16AB1100570A98 /* FootballTeamDetails.swift */,
				04CEEEF32A16AD8A00570A98 /* BasketballTeamDetails.swift */,
				04CEEEF52A16ADA900570A98 /* CricketTeamDetails.swift */,
				04CEEEF72A16ADBB00570A98 /* TennisPlayerDetails.swift */,
			);
			path = "Teams&Players";
			sourceTree = "<group>";
		};
		04CEEF6A2A16BBD200570A98 /* services */ = {
			isa = PBXGroup;
			children = (
				04CEEF6E2A16BC4000570A98 /* tennis_services */,
				04CEEF6D2A16BC0B00570A98 /* cricket_services */,
				04CEEF6C2A16BBF700570A98 /* basketball_services */,
				04CEEF6B2A16BBE600570A98 /* football_services */,
			);
			path = services;
			sourceTree = "<group>";
		};
		04CEEF6B2A16BBE600570A98 /* football_services */ = {
			isa = PBXGroup;
			children = (
				04CEEF752A16BCB700570A98 /* FootballNetworkManager.swift */,
			);
			path = football_services;
			sourceTree = "<group>";
		};
		04CEEF6C2A16BBF700570A98 /* basketball_services */ = {
			isa = PBXGroup;
			children = (
				04CEEF732A16BC9E00570A98 /* BasketballNetworkManager.swift */,
			);
			path = basketball_services;
			sourceTree = "<group>";
		};
		04CEEF6D2A16BC0B00570A98 /* cricket_services */ = {
			isa = PBXGroup;
			children = (
				04CEEF712A16BC7600570A98 /* CricketNetworkManager.swift */,
			);
			path = cricket_services;
			sourceTree = "<group>";
		};
		04CEEF6E2A16BC4000570A98 /* tennis_services */ = {
			isa = PBXGroup;
			children = (
				04CEEF6F2A16BC6200570A98 /* TennisNetworkManager.swift */,
			);
			path = tennis_services;
			sourceTree = "<group>";
		};
		04CEEF772A16C7B900570A98 /* db */ = {
			isa = PBXGroup;
			children = (
				04CEEF782A16C7CF00570A98 /* DBManager.swift */,
			);
			path = db;
			sourceTree = "<group>";
		};
		04D8F8CA2A15342400E46036 /* utils */ = {
			isa = PBXGroup;
			children = (
				04D8F8CB2A15343400E46036 /* Alerts.swift */,
				04D8F8CD2A15344400E46036 /* Constants.swift */,
				04CEEEAC2A1669E900570A98 /* URLs.swift */,
				044E1CBF2A1BFB9D0087527E /* Retchability.swift */,
			);
			path = utils;
			sourceTree = "<group>";
		};
		238651152DC8239BA949B967 /* Frameworks */ = {
			isa = PBXGroup;
			children = (
				1EFCCF35AC95B20097578D36 /* Pods_Sports_App.framework */,
			);
			name = Frameworks;
			sourceTree = "<group>";
		};
		FCC1A4F420B4599D2F0D804E /* Pods */ = {
			isa = PBXGroup;
			children = (
				A0C1C4FFA5FB04EA48CC4763 /* Pods-Sports App.debug.xcconfig */,
				17E3C39019F7CCD4E9D5941E /* Pods-Sports App.release.xcconfig */,
			);
			path = Pods;
			sourceTree = "<group>";
		};
/* End PBXGroup section */

/* Begin PBXNativeTarget section */
		042EE2192A1C20830078D3D8 /* Sports AppTests */ = {
			isa = PBXNativeTarget;
			buildConfigurationList = 042EE2222A1C20830078D3D8 /* Build configuration list for PBXNativeTarget "Sports AppTests" */;
			buildPhases = (
				042EE2162A1C20830078D3D8 /* Sources */,
				042EE2172A1C20830078D3D8 /* Frameworks */,
				042EE2182A1C20830078D3D8 /* Resources */,
			);
			buildRules = (
			);
			dependencies = (
				042EE21F2A1C20830078D3D8 /* PBXTargetDependency */,
			);
			name = "Sports AppTests";
			productName = "Sports AppTests";
			productReference = 042EE21A2A1C20830078D3D8 /* Sports AppTests.xctest */;
			productType = "com.apple.product-type.bundle.unit-test";
		};
		047035CD2A15246C005DA071 /* Sports App */ = {
			isa = PBXNativeTarget;
			buildConfigurationList = 047035E52A152470005DA071 /* Build configuration list for PBXNativeTarget "Sports App" */;
			buildPhases = (
				FD31A9B60C4B0D81B6FB8321 /* [CP] Check Pods Manifest.lock */,
				047035CA2A15246C005DA071 /* Sources */,
				047035CB2A15246C005DA071 /* Frameworks */,
				047035CC2A15246C005DA071 /* Resources */,
				FB0C1BF2AF81DAB9ACE4981C /* [CP] Embed Pods Frameworks */,
				04CEEF672A16BA4F00570A98 /* Embed Frameworks */,
			);
			buildRules = (
			);
			dependencies = (
			);
			name = "Sports App";
			productName = "Sports App";
			productReference = 047035CE2A15246C005DA071 /* Sports App.app */;
			productType = "com.apple.product-type.application";
		};
/* End PBXNativeTarget section */

/* Begin PBXProject section */
		047035C62A15246C005DA071 /* Project object */ = {
			isa = PBXProject;
			attributes = {
				BuildIndependentTargetsInParallel = 1;
				LastSwiftUpdateCheck = 1410;
				LastUpgradeCheck = 1410;
				TargetAttributes = {
					042EE2192A1C20830078D3D8 = {
						CreatedOnToolsVersion = 14.1;
						TestTargetID = 047035CD2A15246C005DA071;
					};
					047035CD2A15246C005DA071 = {
						CreatedOnToolsVersion = 14.1;
					};
				};
			};
			buildConfigurationList = 047035C92A15246C005DA071 /* Build configuration list for PBXProject "Sports App" */;
			compatibilityVersion = "Xcode 14.0";
			developmentRegion = en;
			hasScannedForEncodings = 0;
			knownRegions = (
				en,
				Base,
			);
			mainGroup = 047035C52A15246C005DA071;
			productRefGroup = 047035CF2A15246C005DA071 /* Products */;
			projectDirPath = "";
			projectRoot = "";
			targets = (
				047035CD2A15246C005DA071 /* Sports App */,
				042EE2192A1C20830078D3D8 /* Sports AppTests */,
			);
		};
/* End PBXProject section */

/* Begin PBXResourcesBuildPhase section */
		042EE2182A1C20830078D3D8 /* Resources */ = {
			isa = PBXResourcesBuildPhase;
			buildActionMask = 2147483647;
			files = (
			);
			runOnlyForDeploymentPostprocessing = 0;
		};
		047035CC2A15246C005DA071 /* Resources */ = {
			isa = PBXResourcesBuildPhase;
			buildActionMask = 2147483647;
			files = (
				047035E12A152470005DA071 /* LaunchScreen.storyboard in Resources */,
				04627F3E2A17D4FB00A38D32 /* anim.json in Resources */,
				04627F402A17D5FE00A38D32 /* Assets.xcassets in Resources */,
				047035D92A15246D005DA071 /* Main.storyboard in Resources */,
			);
			runOnlyForDeploymentPostprocessing = 0;
		};
/* End PBXResourcesBuildPhase section */

/* Begin PBXShellScriptBuildPhase section */
		FB0C1BF2AF81DAB9ACE4981C /* [CP] Embed Pods Frameworks */ = {
			isa = PBXShellScriptBuildPhase;
			buildActionMask = 2147483647;
			files = (
			);
			inputFileListPaths = (
				"${PODS_ROOT}/Target Support Files/Pods-Sports App/Pods-Sports App-frameworks-${CONFIGURATION}-input-files.xcfilelist",
			);
			name = "[CP] Embed Pods Frameworks";
			outputFileListPaths = (
				"${PODS_ROOT}/Target Support Files/Pods-Sports App/Pods-Sports App-frameworks-${CONFIGURATION}-output-files.xcfilelist",
			);
			runOnlyForDeploymentPostprocessing = 0;
			shellPath = /bin/sh;
			shellScript = "\"${PODS_ROOT}/Target Support Files/Pods-Sports App/Pods-Sports App-frameworks.sh\"\n";
			showEnvVarsInLog = 0;
		};
		FD31A9B60C4B0D81B6FB8321 /* [CP] Check Pods Manifest.lock */ = {
			isa = PBXShellScriptBuildPhase;
			buildActionMask = 2147483647;
			files = (
			);
			inputFileListPaths = (
			);
			inputPaths = (
				"${PODS_PODFILE_DIR_PATH}/Podfile.lock",
				"${PODS_ROOT}/Manifest.lock",
			);
			name = "[CP] Check Pods Manifest.lock";
			outputFileListPaths = (
			);
			outputPaths = (
				"$(DERIVED_FILE_DIR)/Pods-Sports App-checkManifestLockResult.txt",
			);
			runOnlyForDeploymentPostprocessing = 0;
			shellPath = /bin/sh;
			shellScript = "diff \"${PODS_PODFILE_DIR_PATH}/Podfile.lock\" \"${PODS_ROOT}/Manifest.lock\" > /dev/null\nif [ $? != 0 ] ; then\n    # print error to STDERR\n    echo \"error: The sandbox is not in sync with the Podfile.lock. Run 'pod install' or update your CocoaPods installation.\" >&2\n    exit 1\nfi\n# This output is used by Xcode 'outputs' to avoid re-running this script phase.\necho \"SUCCESS\" > \"${SCRIPT_OUTPUT_FILE_0}\"\n";
			showEnvVarsInLog = 0;
		};
/* End PBXShellScriptBuildPhase section */

/* Begin PBXSourcesBuildPhase section */
		042EE2162A1C20830078D3D8 /* Sources */ = {
			isa = PBXSourcesBuildPhase;
			buildActionMask = 2147483647;
			files = (
				042ABA7C2A1C9D4C0042F24E /* FakeSportsNetworkManager.swift in Sources */,
				042EE2282A1C27540078D3D8 /* CricketNetworkManagerTests.swift in Sources */,
				042EE2262A1C24210078D3D8 /* BasketBallNetworkManagerTests.swift in Sources */,
				042ABA7E2A1CA39F0042F24E /* FakeResponses.swift in Sources */,
				042EE2242A1C211C0078D3D8 /* FootballNetworkManagerTest.swift in Sources */,
				042EE22A2A1C296F0078D3D8 /* TennisNetworkManagerTests.swift in Sources */,
			);
			runOnlyForDeploymentPostprocessing = 0;
		};
		047035CA2A15246C005DA071 /* Sources */ = {
			isa = PBXSourcesBuildPhase;
			buildActionMask = 2147483647;
			files = (
				04CEEEF22A16AB1100570A98 /* FootballTeamDetails.swift in Sources */,
				04CEEEEB2A16A2FE00570A98 /* CricketEvents.swift in Sources */,
				04CEEEB22A168FE300570A98 /* TennisLeaguesResponse.swift in Sources */,
				04CEEF762A16BCB700570A98 /* FootballNetworkManager.swift in Sources */,
				04CEEEEF2A16A43500570A98 /* TennisEvents.swift in Sources */,
				04CEEF722A16BC7600570A98 /* CricketNetworkManager.swift in Sources */,
				0470CADE2A1640EE007B205F /* LeaugesTableViewController.swift in Sources */,
				04CEEEF62A16ADA900570A98 /* CricketTeamDetails.swift in Sources */,
				0475A4652A1813EB00A2DDF8 /* LatestResultsCollectionViewCell.swift in Sources */,
				04CEEEED2A16A36200570A98 /* BasketballEvents.swift in Sources */,
				0470CAF12A164952007B205F /* FavoritesTableViewCell.swift in Sources */,
				04CEEEBA2A16932400570A98 /* FootballLeagues.swift in Sources */,
				044E1CC02A1BFB9D0087527E /* Retchability.swift in Sources */,
				04D8F8D02A153BBE00E46036 /* SportsViewController.swift in Sources */,
				04CEEF742A16BC9E00570A98 /* BasketballNetworkManager.swift in Sources */,
				04D8F8CC2A15343400E46036 /* Alerts.swift in Sources */,
				0470CAEE2A16493A007B205F /* FavoritesTableViewController.swift in Sources */,
				04CEEEB02A167C5400570A98 /* FootballEvents.swift in Sources */,
				0470CAFB2A164B24007B205F /* SplashTabBarController.swift in Sources */,
				04627F2E2A1756C000A38D32 /* League.swift in Sources */,
				04CEEF792A16C7CF00570A98 /* DBManager.swift in Sources */,
				0470CAD82A1640B3007B205F /* LeaguesViewModel.swift in Sources */,
				047035D22A15246D005DA071 /* AppDelegate.swift in Sources */,
				0470CAEA2A1641EE007B205F /* TeamDetailsViewController.swift in Sources */,
				04CEEF702A16BC6200570A98 /* TennisNetworkManager.swift in Sources */,
				047035DC2A15246D005DA071 /* Sports_App.xcdatamodeld in Sources */,
				04627F2C2A17502400A38D32 /* LeaguesDependancyFactory.swift in Sources */,
				0475A4692A18147F00A2DDF8 /* UpComingCollectionViewCell.swift in Sources */,
				04CEEEAD2A1669E900570A98 /* URLs.swift in Sources */,
				04627F322A17788800A38D32 /* LeagueDetailsDependancyFactory.swift in Sources */,
				0470CAE82A1641DC007B205F /* TeamDetailsViewModel.swift in Sources */,
				0470CAE42A164190007B205F /* LeaugeDetailsViewModel.swift in Sources */,
				0470CAE22A16416A007B205F /* LeagueDetailsViewController.swift in Sources */,
				04CEEEF42A16AD8A00570A98 /* BasketballTeamDetails.swift in Sources */,
				047035D42A15246D005DA071 /* SceneDelegate.swift in Sources */,
				04D8F8CE2A15344400E46036 /* Constants.swift in Sources */,
				047536B62A192EE200FE4066 /* PlayerTableViewCell.swift in Sources */,
				04CEEEF82A16ADBB00570A98 /* TennisPlayerDetails.swift in Sources */,
				04D8F8D22A153BE000E46036 /* SportCollectionViewCell.swift in Sources */,
				04627F342A17A84500A38D32 /* TeamDetailsViewModelDependancyFactory.swift in Sources */,
				04627F282A174AC400A38D32 /* FavoriteDependancyFactory.swift in Sources */,
				04CEEEB42A16912B00570A98 /* BasketLeaguesResponse.swift in Sources */,
				0470CAF52A16496B007B205F /* FavoritesViewModel.swift in Sources */,
				04CEEEB82A1691F500570A98 /* CricketLeagues.swift in Sources */,
				0475A4672A18143800A2DDF8 /* TeamCollectionViewCell.swift in Sources */,
				0475A4632A180A4900A2DDF8 /* LeagueTableViewCell.swift in Sources */,
				0470CAF92A164A09007B205F /* SplashViewController.swift in Sources */,
			);
			runOnlyForDeploymentPostprocessing = 0;
		};
/* End PBXSourcesBuildPhase section */

/* Begin PBXTargetDependency section */
		042EE21F2A1C20830078D3D8 /* PBXTargetDependency */ = {
			isa = PBXTargetDependency;
			target = 047035CD2A15246C005DA071 /* Sports App */;
			targetProxy = 042EE21E2A1C20830078D3D8 /* PBXContainerItemProxy */;
		};
/* End PBXTargetDependency section */

/* Begin PBXVariantGroup section */
		047035D72A15246D005DA071 /* Main.storyboard */ = {
			isa = PBXVariantGroup;
			children = (
				047035D82A15246D005DA071 /* Base */,
			);
			name = Main.storyboard;
			sourceTree = "<group>";
		};
		047035DF2A152470005DA071 /* LaunchScreen.storyboard */ = {
			isa = PBXVariantGroup;
			children = (
				047035E02A152470005DA071 /* Base */,
			);
			name = LaunchScreen.storyboard;
			sourceTree = "<group>";
		};
/* End PBXVariantGroup section */

/* Begin XCBuildConfiguration section */
		042EE2202A1C20830078D3D8 /* Debug */ = {
			isa = XCBuildConfiguration;
			buildSettings = {
				BUNDLE_LOADER = "$(TEST_HOST)";
				CODE_SIGN_STYLE = Automatic;
				CURRENT_PROJECT_VERSION = 1;
				DEVELOPMENT_TEAM = J225XWHZV9;
				GENERATE_INFOPLIST_FILE = YES;
				IPHONEOS_DEPLOYMENT_TARGET = 16.1;
				MACOSX_DEPLOYMENT_TARGET = 12.6;
				MARKETING_VERSION = 1.0;
				PRODUCT_BUNDLE_IDENTIFIER = "-234.Sports-AppTests";
				PRODUCT_NAME = "$(TARGET_NAME)";
				SDKROOT = auto;
				SUPPORTED_PLATFORMS = "iphoneos iphonesimulator macosx";
				SWIFT_EMIT_LOC_STRINGS = NO;
				SWIFT_VERSION = 5.0;
				TARGETED_DEVICE_FAMILY = "1,2";
				TEST_HOST = "$(BUILT_PRODUCTS_DIR)/Sports App.app/$(BUNDLE_EXECUTABLE_FOLDER_PATH)/Sports App";
			};
			name = Debug;
		};
		042EE2212A1C20830078D3D8 /* Release */ = {
			isa = XCBuildConfiguration;
			buildSettings = {
				BUNDLE_LOADER = "$(TEST_HOST)";
				CODE_SIGN_STYLE = Automatic;
				CURRENT_PROJECT_VERSION = 1;
				DEVELOPMENT_TEAM = J225XWHZV9;
				GENERATE_INFOPLIST_FILE = YES;
				IPHONEOS_DEPLOYMENT_TARGET = 16.1;
				MACOSX_DEPLOYMENT_TARGET = 12.6;
				MARKETING_VERSION = 1.0;
				PRODUCT_BUNDLE_IDENTIFIER = "-234.Sports-AppTests";
				PRODUCT_NAME = "$(TARGET_NAME)";
				SDKROOT = auto;
				SUPPORTED_PLATFORMS = "iphoneos iphonesimulator macosx";
				SWIFT_EMIT_LOC_STRINGS = NO;
				SWIFT_VERSION = 5.0;
				TARGETED_DEVICE_FAMILY = "1,2";
				TEST_HOST = "$(BUILT_PRODUCTS_DIR)/Sports App.app/$(BUNDLE_EXECUTABLE_FOLDER_PATH)/Sports App";
			};
			name = Release;
		};
		047035E32A152470005DA071 /* Debug */ = {
			isa = XCBuildConfiguration;
			buildSettings = {
				ALWAYS_SEARCH_USER_PATHS = NO;
				CLANG_ANALYZER_NONNULL = YES;
				CLANG_ANALYZER_NUMBER_OBJECT_CONVERSION = YES_AGGRESSIVE;
				CLANG_CXX_LANGUAGE_STANDARD = "gnu++20";
				CLANG_ENABLE_MODULES = YES;
				CLANG_ENABLE_OBJC_ARC = YES;
				CLANG_ENABLE_OBJC_WEAK = YES;
				CLANG_WARN_BLOCK_CAPTURE_AUTORELEASING = YES;
				CLANG_WARN_BOOL_CONVERSION = YES;
				CLANG_WARN_COMMA = YES;
				CLANG_WARN_CONSTANT_CONVERSION = YES;
				CLANG_WARN_DEPRECATED_OBJC_IMPLEMENTATIONS = YES;
				CLANG_WARN_DIRECT_OBJC_ISA_USAGE = YES_ERROR;
				CLANG_WARN_DOCUMENTATION_COMMENTS = YES;
				CLANG_WARN_EMPTY_BODY = YES;
				CLANG_WARN_ENUM_CONVERSION = YES;
				CLANG_WARN_INFINITE_RECURSION = YES;
				CLANG_WARN_INT_CONVERSION = YES;
				CLANG_WARN_NON_LITERAL_NULL_CONVERSION = YES;
				CLANG_WARN_OBJC_IMPLICIT_RETAIN_SELF = YES;
				CLANG_WARN_OBJC_LITERAL_CONVERSION = YES;
				CLANG_WARN_OBJC_ROOT_CLASS = YES_ERROR;
				CLANG_WARN_QUOTED_INCLUDE_IN_FRAMEWORK_HEADER = YES;
				CLANG_WARN_RANGE_LOOP_ANALYSIS = YES;
				CLANG_WARN_STRICT_PROTOTYPES = YES;
				CLANG_WARN_SUSPICIOUS_MOVE = YES;
				CLANG_WARN_UNGUARDED_AVAILABILITY = YES_AGGRESSIVE;
				CLANG_WARN_UNREACHABLE_CODE = YES;
				CLANG_WARN__DUPLICATE_METHOD_MATCH = YES;
				COPY_PHASE_STRIP = NO;
				DEBUG_INFORMATION_FORMAT = dwarf;
				ENABLE_STRICT_OBJC_MSGSEND = YES;
				ENABLE_TESTABILITY = YES;
				GCC_C_LANGUAGE_STANDARD = gnu11;
				GCC_DYNAMIC_NO_PIC = NO;
				GCC_NO_COMMON_BLOCKS = YES;
				GCC_OPTIMIZATION_LEVEL = 0;
				GCC_PREPROCESSOR_DEFINITIONS = (
					"DEBUG=1",
					"$(inherited)",
				);
				GCC_WARN_64_TO_32_BIT_CONVERSION = YES;
				GCC_WARN_ABOUT_RETURN_TYPE = YES_ERROR;
				GCC_WARN_UNDECLARED_SELECTOR = YES;
				GCC_WARN_UNINITIALIZED_AUTOS = YES_AGGRESSIVE;
				GCC_WARN_UNUSED_FUNCTION = YES;
				GCC_WARN_UNUSED_VARIABLE = YES;
				IPHONEOS_DEPLOYMENT_TARGET = 16.1;
				MTL_ENABLE_DEBUG_INFO = INCLUDE_SOURCE;
				MTL_FAST_MATH = YES;
				ONLY_ACTIVE_ARCH = YES;
				SDKROOT = iphoneos;
				SWIFT_ACTIVE_COMPILATION_CONDITIONS = DEBUG;
				SWIFT_OPTIMIZATION_LEVEL = "-Onone";
			};
			name = Debug;
		};
		047035E42A152470005DA071 /* Release */ = {
			isa = XCBuildConfiguration;
			buildSettings = {
				ALWAYS_SEARCH_USER_PATHS = NO;
				CLANG_ANALYZER_NONNULL = YES;
				CLANG_ANALYZER_NUMBER_OBJECT_CONVERSION = YES_AGGRESSIVE;
				CLANG_CXX_LANGUAGE_STANDARD = "gnu++20";
				CLANG_ENABLE_MODULES = YES;
				CLANG_ENABLE_OBJC_ARC = YES;
				CLANG_ENABLE_OBJC_WEAK = YES;
				CLANG_WARN_BLOCK_CAPTURE_AUTORELEASING = YES;
				CLANG_WARN_BOOL_CONVERSION = YES;
				CLANG_WARN_COMMA = YES;
				CLANG_WARN_CONSTANT_CONVERSION = YES;
				CLANG_WARN_DEPRECATED_OBJC_IMPLEMENTATIONS = YES;
				CLANG_WARN_DIRECT_OBJC_ISA_USAGE = YES_ERROR;
				CLANG_WARN_DOCUMENTATION_COMMENTS = YES;
				CLANG_WARN_EMPTY_BODY = YES;
				CLANG_WARN_ENUM_CONVERSION = YES;
				CLANG_WARN_INFINITE_RECURSION = YES;
				CLANG_WARN_INT_CONVERSION = YES;
				CLANG_WARN_NON_LITERAL_NULL_CONVERSION = YES;
				CLANG_WARN_OBJC_IMPLICIT_RETAIN_SELF = YES;
				CLANG_WARN_OBJC_LITERAL_CONVERSION = YES;
				CLANG_WARN_OBJC_ROOT_CLASS = YES_ERROR;
				CLANG_WARN_QUOTED_INCLUDE_IN_FRAMEWORK_HEADER = YES;
				CLANG_WARN_RANGE_LOOP_ANALYSIS = YES;
				CLANG_WARN_STRICT_PROTOTYPES = YES;
				CLANG_WARN_SUSPICIOUS_MOVE = YES;
				CLANG_WARN_UNGUARDED_AVAILABILITY = YES_AGGRESSIVE;
				CLANG_WARN_UNREACHABLE_CODE = YES;
				CLANG_WARN__DUPLICATE_METHOD_MATCH = YES;
				COPY_PHASE_STRIP = NO;
				DEBUG_INFORMATION_FORMAT = "dwarf-with-dsym";
				ENABLE_NS_ASSERTIONS = NO;
				ENABLE_STRICT_OBJC_MSGSEND = YES;
				GCC_C_LANGUAGE_STANDARD = gnu11;
				GCC_NO_COMMON_BLOCKS = YES;
				GCC_WARN_64_TO_32_BIT_CONVERSION = YES;
				GCC_WARN_ABOUT_RETURN_TYPE = YES_ERROR;
				GCC_WARN_UNDECLARED_SELECTOR = YES;
				GCC_WARN_UNINITIALIZED_AUTOS = YES_AGGRESSIVE;
				GCC_WARN_UNUSED_FUNCTION = YES;
				GCC_WARN_UNUSED_VARIABLE = YES;
				IPHONEOS_DEPLOYMENT_TARGET = 16.1;
				MTL_ENABLE_DEBUG_INFO = NO;
				MTL_FAST_MATH = YES;
				SDKROOT = iphoneos;
				SWIFT_COMPILATION_MODE = wholemodule;
				SWIFT_OPTIMIZATION_LEVEL = "-O";
				VALIDATE_PRODUCT = YES;
			};
			name = Release;
		};
		047035E62A152470005DA071 /* Debug */ = {
			isa = XCBuildConfiguration;
			baseConfigurationReference = A0C1C4FFA5FB04EA48CC4763 /* Pods-Sports App.debug.xcconfig */;
			buildSettings = {
				ASSETCATALOG_COMPILER_APPICON_NAME = AppIcon;
				ASSETCATALOG_COMPILER_GLOBAL_ACCENT_COLOR_NAME = AccentColor;
				CODE_SIGN_STYLE = Automatic;
				CURRENT_PROJECT_VERSION = 1;
				DEVELOPMENT_TEAM = J225XWHZV9;
				GENERATE_INFOPLIST_FILE = YES;
				INFOPLIST_FILE = "Sports App/Info.plist";
				INFOPLIST_KEY_UIApplicationSupportsIndirectInputEvents = YES;
				INFOPLIST_KEY_UILaunchStoryboardName = LaunchScreen;
				INFOPLIST_KEY_UIMainStoryboardFile = Main;
				INFOPLIST_KEY_UISupportedInterfaceOrientations_iPad = "UIInterfaceOrientationPortrait UIInterfaceOrientationPortraitUpsideDown UIInterfaceOrientationLandscapeLeft UIInterfaceOrientationLandscapeRight";
				INFOPLIST_KEY_UISupportedInterfaceOrientations_iPhone = "UIInterfaceOrientationPortrait UIInterfaceOrientationLandscapeLeft UIInterfaceOrientationLandscapeRight";
				LD_RUNPATH_SEARCH_PATHS = (
					"$(inherited)",
					"@executable_path/Frameworks",
				);
				MARKETING_VERSION = 1.0;
				PRODUCT_BUNDLE_IDENTIFIER = "-234.Sports-App";
				PRODUCT_NAME = "$(TARGET_NAME)";
				SWIFT_EMIT_LOC_STRINGS = YES;
				SWIFT_VERSION = 5.0;
				TARGETED_DEVICE_FAMILY = "1,2";
			};
			name = Debug;
		};
		047035E72A152470005DA071 /* Release */ = {
			isa = XCBuildConfiguration;
			baseConfigurationReference = 17E3C39019F7CCD4E9D5941E /* Pods-Sports App.release.xcconfig */;
			buildSettings = {
				ASSETCATALOG_COMPILER_APPICON_NAME = AppIcon;
				ASSETCATALOG_COMPILER_GLOBAL_ACCENT_COLOR_NAME = AccentColor;
				CODE_SIGN_STYLE = Automatic;
				CURRENT_PROJECT_VERSION = 1;
				DEVELOPMENT_TEAM = J225XWHZV9;
				GENERATE_INFOPLIST_FILE = YES;
				INFOPLIST_FILE = "Sports App/Info.plist";
				INFOPLIST_KEY_UIApplicationSupportsIndirectInputEvents = YES;
				INFOPLIST_KEY_UILaunchStoryboardName = LaunchScreen;
				INFOPLIST_KEY_UIMainStoryboardFile = Main;
				INFOPLIST_KEY_UISupportedInterfaceOrientations_iPad = "UIInterfaceOrientationPortrait UIInterfaceOrientationPortraitUpsideDown UIInterfaceOrientationLandscapeLeft UIInterfaceOrientationLandscapeRight";
				INFOPLIST_KEY_UISupportedInterfaceOrientations_iPhone = "UIInterfaceOrientationPortrait UIInterfaceOrientationLandscapeLeft UIInterfaceOrientationLandscapeRight";
				LD_RUNPATH_SEARCH_PATHS = (
					"$(inherited)",
					"@executable_path/Frameworks",
				);
				MARKETING_VERSION = 1.0;
				PRODUCT_BUNDLE_IDENTIFIER = "-234.Sports-App";
				PRODUCT_NAME = "$(TARGET_NAME)";
				SWIFT_EMIT_LOC_STRINGS = YES;
				SWIFT_VERSION = 5.0;
				TARGETED_DEVICE_FAMILY = "1,2";
			};
			name = Release;
		};
/* End XCBuildConfiguration section */

/* Begin XCConfigurationList section */
		042EE2222A1C20830078D3D8 /* Build configuration list for PBXNativeTarget "Sports AppTests" */ = {
			isa = XCConfigurationList;
			buildConfigurations = (
				042EE2202A1C20830078D3D8 /* Debug */,
				042EE2212A1C20830078D3D8 /* Release */,
			);
			defaultConfigurationIsVisible = 0;
			defaultConfigurationName = Release;
		};
		047035C92A15246C005DA071 /* Build configuration list for PBXProject "Sports App" */ = {
			isa = XCConfigurationList;
			buildConfigurations = (
				047035E32A152470005DA071 /* Debug */,
				047035E42A152470005DA071 /* Release */,
			);
			defaultConfigurationIsVisible = 0;
			defaultConfigurationName = Release;
		};
		047035E52A152470005DA071 /* Build configuration list for PBXNativeTarget "Sports App" */ = {
			isa = XCConfigurationList;
			buildConfigurations = (
				047035E62A152470005DA071 /* Debug */,
				047035E72A152470005DA071 /* Release */,
			);
			defaultConfigurationIsVisible = 0;
			defaultConfigurationName = Release;
		};
/* End XCConfigurationList section */

/* Begin XCVersionGroup section */
		047035DA2A15246D005DA071 /* Sports_App.xcdatamodeld */ = {
			isa = XCVersionGroup;
			children = (
				047035DB2A15246D005DA071 /* Sports_App.xcdatamodel */,
			);
			currentVersion = 047035DB2A15246D005DA071 /* Sports_App.xcdatamodel */;
			path = Sports_App.xcdatamodeld;
			sourceTree = "<group>";
			versionGroupType = wrapper.xcdatamodel;
		};
/* End XCVersionGroup section */
	};
	rootObject = 047035C62A15246C005DA071 /* Project object */;
}
